// !$*UTF8*$!
{
	archiveVersion = 1;
	classes = {
	};
	objectVersion = 50;
	objects = {

/* Begin PBXBuildFile section */
		871957C82660EAA800AA06CC /* SchedulerLearningTest.swift in Sources */ = {isa = PBXBuildFile; fileRef = 871957C72660EAA800AA06CC /* SchedulerLearningTest.swift */; };
		871957CD2660EF0B00AA06CC /* SchedulerReviewingTest.swift in Sources */ = {isa = PBXBuildFile; fileRef = 871957CC2660EF0B00AA06CC /* SchedulerReviewingTest.swift */; };
		871957CF2660EF2200AA06CC /* SchedulerLapsingTest.swift in Sources */ = {isa = PBXBuildFile; fileRef = 871957CE2660EF2200AA06CC /* SchedulerLapsingTest.swift */; };
		871957D12660F43E00AA06CC /* SchedulerFunctionalityTest.swift in Sources */ = {isa = PBXBuildFile; fileRef = 871957D02660F43E00AA06CC /* SchedulerFunctionalityTest.swift */; };
		87541C57265CDF03009E805D /* SRLApp.swift in Sources */ = {isa = PBXBuildFile; fileRef = 87541C56265CDF03009E805D /* SRLApp.swift */; };
		87541C5B265CDF04009E805D /* Assets.xcassets in Resources */ = {isa = PBXBuildFile; fileRef = 87541C5A265CDF04009E805D /* Assets.xcassets */; };
		87541C5E265CDF04009E805D /* Preview Assets.xcassets in Resources */ = {isa = PBXBuildFile; fileRef = 87541C5D265CDF04009E805D /* Preview Assets.xcassets */; };
		87541C69265CDF04009E805D /* SRLTests.swift in Sources */ = {isa = PBXBuildFile; fileRef = 87541C68265CDF04009E805D /* SRLTests.swift */; };
		87541C74265CDF04009E805D /* SRLUITests.swift in Sources */ = {isa = PBXBuildFile; fileRef = 87541C73265CDF04009E805D /* SRLUITests.swift */; };
		87541C8B265CE2AD009E805D /* Deck.swift in Sources */ = {isa = PBXBuildFile; fileRef = 87541C8A265CE2AD009E805D /* Deck.swift */; };
		87541C8D265CE2BC009E805D /* Card.swift in Sources */ = {isa = PBXBuildFile; fileRef = 87541C8C265CE2BC009E805D /* Card.swift */; };
		87541C8F265CE2C8009E805D /* Scheduler.swift in Sources */ = {isa = PBXBuildFile; fileRef = 87541C8E265CE2C8009E805D /* Scheduler.swift */; };
		87541C91265CE2D0009E805D /* ReviewQueue.swift in Sources */ = {isa = PBXBuildFile; fileRef = 87541C90265CE2D0009E805D /* ReviewQueue.swift */; };
		87541C93265CE383009E805D /* Schedulable.swift in Sources */ = {isa = PBXBuildFile; fileRef = 87541C92265CE383009E805D /* Schedulable.swift */; };
		87541C95265CF1E4009E805D /* ReviewAction.swift in Sources */ = {isa = PBXBuildFile; fileRef = 87541C94265CF1E4009E805D /* ReviewAction.swift */; };
		87541C9A265CFA00009E805D /* DeckApiService.swift in Sources */ = {isa = PBXBuildFile; fileRef = 87541C99265CFA00009E805D /* DeckApiService.swift */; };
		87541C9C265CFAA3009E805D /* SchedulableItem.swift in Sources */ = {isa = PBXBuildFile; fileRef = 87541C9B265CFAA3009E805D /* SchedulableItem.swift */; };
		87541CA0265D5646009E805D /* DeckViewModel.swift in Sources */ = {isa = PBXBuildFile; fileRef = 87541C9F265D5646009E805D /* DeckViewModel.swift */; };
		87541CA2265D565F009E805D /* CardViewModel.swift in Sources */ = {isa = PBXBuildFile; fileRef = 87541CA1265D565F009E805D /* CardViewModel.swift */; };
		87644DF926714AD100AA4DB5 /* CodingTest.swift in Sources */ = {isa = PBXBuildFile; fileRef = 87644DF826714AD100AA4DB5 /* CodingTest.swift */; };
		8795D2132663E135007C99D9 /* StoreView.swift in Sources */ = {isa = PBXBuildFile; fileRef = 8795D2122663E135007C99D9 /* StoreView.swift */; };
		8795D2152663E175007C99D9 /* DeckView.swift in Sources */ = {isa = PBXBuildFile; fileRef = 8795D2142663E175007C99D9 /* DeckView.swift */; };
		87A110CA265ED23A00F0D4B6 /* LearningState.swift in Sources */ = {isa = PBXBuildFile; fileRef = 87A110C9265ED23A00F0D4B6 /* LearningState.swift */; };
		87A110D2265FDB6200F0D4B6 /* SchedulerSettings.swift in Sources */ = {isa = PBXBuildFile; fileRef = 87A110D1265FDB6200F0D4B6 /* SchedulerSettings.swift */; };
		87A157D82667564900EEDCD7 /* ReviewViewModel.swift in Sources */ = {isa = PBXBuildFile; fileRef = 87A157D72667564900EEDCD7 /* ReviewViewModel.swift */; };
		87C634312663E88F008194B6 /* StoreViewModel.swift in Sources */ = {isa = PBXBuildFile; fileRef = 87C634302663E88F008194B6 /* StoreViewModel.swift */; };
		87D3D05E2669FC6900D2B4DB /* DeckRow.swift in Sources */ = {isa = PBXBuildFile; fileRef = 87D3D05D2669FC6900D2B4DB /* DeckRow.swift */; };
/* End PBXBuildFile section */

/* Begin PBXContainerItemProxy section */
		87541C65265CDF04009E805D /* PBXContainerItemProxy */ = {
			isa = PBXContainerItemProxy;
			containerPortal = 87541C4B265CDF03009E805D /* Project object */;
			proxyType = 1;
			remoteGlobalIDString = 87541C52265CDF03009E805D;
			remoteInfo = SRL;
		};
		87541C70265CDF04009E805D /* PBXContainerItemProxy */ = {
			isa = PBXContainerItemProxy;
			containerPortal = 87541C4B265CDF03009E805D /* Project object */;
			proxyType = 1;
			remoteGlobalIDString = 87541C52265CDF03009E805D;
			remoteInfo = SRL;
		};
/* End PBXContainerItemProxy section */

/* Begin PBXFileReference section */
		871957C72660EAA800AA06CC /* SchedulerLearningTest.swift */ = {isa = PBXFileReference; lastKnownFileType = sourcecode.swift; path = SchedulerLearningTest.swift; sourceTree = "<group>"; };
		871957CC2660EF0B00AA06CC /* SchedulerReviewingTest.swift */ = {isa = PBXFileReference; lastKnownFileType = sourcecode.swift; path = SchedulerReviewingTest.swift; sourceTree = "<group>"; };
		871957CE2660EF2200AA06CC /* SchedulerLapsingTest.swift */ = {isa = PBXFileReference; lastKnownFileType = sourcecode.swift; path = SchedulerLapsingTest.swift; sourceTree = "<group>"; };
		871957D02660F43E00AA06CC /* SchedulerFunctionalityTest.swift */ = {isa = PBXFileReference; lastKnownFileType = sourcecode.swift; path = SchedulerFunctionalityTest.swift; sourceTree = "<group>"; };
		87541C53265CDF03009E805D /* SRL.app */ = {isa = PBXFileReference; explicitFileType = wrapper.application; includeInIndex = 0; path = SRL.app; sourceTree = BUILT_PRODUCTS_DIR; };
		87541C56265CDF03009E805D /* SRLApp.swift */ = {isa = PBXFileReference; lastKnownFileType = sourcecode.swift; path = SRLApp.swift; sourceTree = "<group>"; };
		87541C5A265CDF04009E805D /* Assets.xcassets */ = {isa = PBXFileReference; lastKnownFileType = folder.assetcatalog; path = Assets.xcassets; sourceTree = "<group>"; };
		87541C5D265CDF04009E805D /* Preview Assets.xcassets */ = {isa = PBXFileReference; lastKnownFileType = folder.assetcatalog; path = "Preview Assets.xcassets"; sourceTree = "<group>"; };
		87541C5F265CDF04009E805D /* Info.plist */ = {isa = PBXFileReference; lastKnownFileType = text.plist.xml; path = Info.plist; sourceTree = "<group>"; };
		87541C64265CDF04009E805D /* SRLTests.xctest */ = {isa = PBXFileReference; explicitFileType = wrapper.cfbundle; includeInIndex = 0; path = SRLTests.xctest; sourceTree = BUILT_PRODUCTS_DIR; };
		87541C68265CDF04009E805D /* SRLTests.swift */ = {isa = PBXFileReference; lastKnownFileType = sourcecode.swift; path = SRLTests.swift; sourceTree = "<group>"; };
		87541C6A265CDF04009E805D /* Info.plist */ = {isa = PBXFileReference; lastKnownFileType = text.plist.xml; path = Info.plist; sourceTree = "<group>"; };
		87541C6F265CDF04009E805D /* SRLUITests.xctest */ = {isa = PBXFileReference; explicitFileType = wrapper.cfbundle; includeInIndex = 0; path = SRLUITests.xctest; sourceTree = BUILT_PRODUCTS_DIR; };
		87541C73265CDF04009E805D /* SRLUITests.swift */ = {isa = PBXFileReference; lastKnownFileType = sourcecode.swift; path = SRLUITests.swift; sourceTree = "<group>"; };
		87541C75265CDF04009E805D /* Info.plist */ = {isa = PBXFileReference; lastKnownFileType = text.plist.xml; path = Info.plist; sourceTree = "<group>"; };
		87541C8A265CE2AD009E805D /* Deck.swift */ = {isa = PBXFileReference; lastKnownFileType = sourcecode.swift; path = Deck.swift; sourceTree = "<group>"; };
		87541C8C265CE2BC009E805D /* Card.swift */ = {isa = PBXFileReference; lastKnownFileType = sourcecode.swift; path = Card.swift; sourceTree = "<group>"; };
		87541C8E265CE2C8009E805D /* Scheduler.swift */ = {isa = PBXFileReference; lastKnownFileType = sourcecode.swift; path = Scheduler.swift; sourceTree = "<group>"; };
		87541C90265CE2D0009E805D /* ReviewQueue.swift */ = {isa = PBXFileReference; lastKnownFileType = sourcecode.swift; path = ReviewQueue.swift; sourceTree = "<group>"; };
		87541C92265CE383009E805D /* Schedulable.swift */ = {isa = PBXFileReference; lastKnownFileType = sourcecode.swift; path = Schedulable.swift; sourceTree = "<group>"; xcLanguageSpecificationIdentifier = xcode.lang.swift; };
		87541C94265CF1E4009E805D /* ReviewAction.swift */ = {isa = PBXFileReference; lastKnownFileType = sourcecode.swift; path = ReviewAction.swift; sourceTree = "<group>"; };
		87541C99265CFA00009E805D /* DeckApiService.swift */ = {isa = PBXFileReference; lastKnownFileType = sourcecode.swift; path = DeckApiService.swift; sourceTree = "<group>"; };
		87541C9B265CFAA3009E805D /* SchedulableItem.swift */ = {isa = PBXFileReference; lastKnownFileType = sourcecode.swift; path = SchedulableItem.swift; sourceTree = "<group>"; };
		87541C9F265D5646009E805D /* DeckViewModel.swift */ = {isa = PBXFileReference; lastKnownFileType = sourcecode.swift; path = DeckViewModel.swift; sourceTree = "<group>"; };
		87541CA1265D565F009E805D /* CardViewModel.swift */ = {isa = PBXFileReference; lastKnownFileType = sourcecode.swift; path = CardViewModel.swift; sourceTree = "<group>"; };
		87644DF826714AD100AA4DB5 /* CodingTest.swift */ = {isa = PBXFileReference; lastKnownFileType = sourcecode.swift; path = CodingTest.swift; sourceTree = "<group>"; };
		8795D2122663E135007C99D9 /* StoreView.swift */ = {isa = PBXFileReference; lastKnownFileType = sourcecode.swift; path = StoreView.swift; sourceTree = "<group>"; };
		8795D2142663E175007C99D9 /* DeckView.swift */ = {isa = PBXFileReference; lastKnownFileType = sourcecode.swift; path = DeckView.swift; sourceTree = "<group>"; };
		87A110C9265ED23A00F0D4B6 /* LearningState.swift */ = {isa = PBXFileReference; lastKnownFileType = sourcecode.swift; path = LearningState.swift; sourceTree = "<group>"; };
		87A110D1265FDB6200F0D4B6 /* SchedulerSettings.swift */ = {isa = PBXFileReference; lastKnownFileType = sourcecode.swift; path = SchedulerSettings.swift; sourceTree = "<group>"; };
		87A157D72667564900EEDCD7 /* ReviewViewModel.swift */ = {isa = PBXFileReference; lastKnownFileType = sourcecode.swift; path = ReviewViewModel.swift; sourceTree = "<group>"; };
		87C634302663E88F008194B6 /* StoreViewModel.swift */ = {isa = PBXFileReference; lastKnownFileType = sourcecode.swift; path = StoreViewModel.swift; sourceTree = "<group>"; };
		87D3D05D2669FC6900D2B4DB /* DeckRow.swift */ = {isa = PBXFileReference; lastKnownFileType = sourcecode.swift; path = DeckRow.swift; sourceTree = "<group>"; };
/* End PBXFileReference section */

/* Begin PBXFrameworksBuildPhase section */
		87541C50265CDF03009E805D /* Frameworks */ = {
			isa = PBXFrameworksBuildPhase;
			buildActionMask = 2147483647;
			files = (
			);
			runOnlyForDeploymentPostprocessing = 0;
		};
		87541C61265CDF04009E805D /* Frameworks */ = {
			isa = PBXFrameworksBuildPhase;
			buildActionMask = 2147483647;
			files = (
			);
			runOnlyForDeploymentPostprocessing = 0;
		};
		87541C6C265CDF04009E805D /* Frameworks */ = {
			isa = PBXFrameworksBuildPhase;
			buildActionMask = 2147483647;
			files = (
			);
			runOnlyForDeploymentPostprocessing = 0;
		};
/* End PBXFrameworksBuildPhase section */

/* Begin PBXGroup section */
		87541C4A265CDF03009E805D = {
			isa = PBXGroup;
			children = (
				87541C55265CDF03009E805D /* SRL */,
				87541C67265CDF04009E805D /* SRLTests */,
				87541C72265CDF04009E805D /* SRLUITests */,
				87541C54265CDF03009E805D /* Products */,
			);
			sourceTree = "<group>";
		};
		87541C54265CDF03009E805D /* Products */ = {
			isa = PBXGroup;
			children = (
				87541C53265CDF03009E805D /* SRL.app */,
				87541C64265CDF04009E805D /* SRLTests.xctest */,
				87541C6F265CDF04009E805D /* SRLUITests.xctest */,
			);
			name = Products;
			sourceTree = "<group>";
		};
		87541C55265CDF03009E805D /* SRL */ = {
			isa = PBXGroup;
			children = (
				87541C98265CF9C1009E805D /* Services */,
				87541C83265CE020009E805D /* Views */,
				87541C84265CE02B009E805D /* ViewModels */,
				87541C82265CE019009E805D /* Models */,
				87541C56265CDF03009E805D /* SRLApp.swift */,
				87541C5A265CDF04009E805D /* Assets.xcassets */,
				87541C5F265CDF04009E805D /* Info.plist */,
				87541C5C265CDF04009E805D /* Preview Content */,
			);
			path = SRL;
			sourceTree = "<group>";
		};
		87541C5C265CDF04009E805D /* Preview Content */ = {
			isa = PBXGroup;
			children = (
				87541C5D265CDF04009E805D /* Preview Assets.xcassets */,
			);
			path = "Preview Content";
			sourceTree = "<group>";
		};
		87541C67265CDF04009E805D /* SRLTests */ = {
			isa = PBXGroup;
			children = (
				875E21A6265E272B00D973C2 /* Model */,
				87541C68265CDF04009E805D /* SRLTests.swift */,
				87541C6A265CDF04009E805D /* Info.plist */,
			);
			path = SRLTests;
			sourceTree = "<group>";
		};
		87541C72265CDF04009E805D /* SRLUITests */ = {
			isa = PBXGroup;
			children = (
				87541C73265CDF04009E805D /* SRLUITests.swift */,
				87541C75265CDF04009E805D /* Info.plist */,
			);
			path = SRLUITests;
			sourceTree = "<group>";
		};
		87541C82265CE019009E805D /* Models */ = {
			isa = PBXGroup;
			children = (
				87541C86265CE24C009E805D /* Decks */,
				87541C88265CE275009E805D /* Review */,
				87541C85265CE245009E805D /* Cards */,
				87541C87265CE265009E805D /* Schedules */,
			);
			path = Models;
			sourceTree = "<group>";
		};
		87541C83265CE020009E805D /* Views */ = {
			isa = PBXGroup;
			children = (
				8795D2122663E135007C99D9 /* StoreView.swift */,
				8795D2142663E175007C99D9 /* DeckView.swift */,
				87D3D05D2669FC6900D2B4DB /* DeckRow.swift */,
			);
			path = Views;
			sourceTree = "<group>";
		};
		87541C84265CE02B009E805D /* ViewModels */ = {
			isa = PBXGroup;
			children = (
				87C634302663E88F008194B6 /* StoreViewModel.swift */,
				87541C9F265D5646009E805D /* DeckViewModel.swift */,
				87541CA1265D565F009E805D /* CardViewModel.swift */,
				87A157D72667564900EEDCD7 /* ReviewViewModel.swift */,
			);
			path = ViewModels;
			sourceTree = "<group>";
		};
		87541C85265CE245009E805D /* Cards */ = {
			isa = PBXGroup;
			children = (
				87541C8C265CE2BC009E805D /* Card.swift */,
			);
			path = Cards;
			sourceTree = "<group>";
		};
		87541C86265CE24C009E805D /* Decks */ = {
			isa = PBXGroup;
			children = (
				87541C8A265CE2AD009E805D /* Deck.swift */,
			);
			path = Decks;
			sourceTree = "<group>";
		};
		87541C87265CE265009E805D /* Schedules */ = {
			isa = PBXGroup;
			children = (
				87541C92265CE383009E805D /* Schedulable.swift */,
				87541C9B265CFAA3009E805D /* SchedulableItem.swift */,
				87541C8E265CE2C8009E805D /* Scheduler.swift */,
				87A110D1265FDB6200F0D4B6 /* SchedulerSettings.swift */,
				87A110C9265ED23A00F0D4B6 /* LearningState.swift */,
			);
			path = Schedules;
			sourceTree = "<group>";
		};
		87541C88265CE275009E805D /* Review */ = {
			isa = PBXGroup;
			children = (
				87541C90265CE2D0009E805D /* ReviewQueue.swift */,
				87541C94265CF1E4009E805D /* ReviewAction.swift */,
			);
			path = Review;
			sourceTree = "<group>";
		};
		87541C98265CF9C1009E805D /* Services */ = {
			isa = PBXGroup;
			children = (
				87541C99265CFA00009E805D /* DeckApiService.swift */,
			);
			path = Services;
			sourceTree = "<group>";
		};
		875E21A6265E272B00D973C2 /* Model */ = {
			isa = PBXGroup;
			children = (
				87644DF726714ABC00AA4DB5 /* Persistence */,
				875E21A9265E276300D973C2 /* Scheduler */,
			);
			path = Model;
			sourceTree = "<group>";
		};
		875E21A9265E276300D973C2 /* Scheduler */ = {
			isa = PBXGroup;
			children = (
				871957D02660F43E00AA06CC /* SchedulerFunctionalityTest.swift */,
				871957C72660EAA800AA06CC /* SchedulerLearningTest.swift */,
				871957CC2660EF0B00AA06CC /* SchedulerReviewingTest.swift */,
				871957CE2660EF2200AA06CC /* SchedulerLapsingTest.swift */,
			);
			path = Scheduler;
			sourceTree = "<group>";
		};
		87644DF726714ABC00AA4DB5 /* Persistence */ = {
			isa = PBXGroup;
			children = (
				87644DF826714AD100AA4DB5 /* CodingTest.swift */,
			);
			path = Persistence;
			sourceTree = "<group>";
		};
/* End PBXGroup section */

/* Begin PBXNativeTarget section */
		87541C52265CDF03009E805D /* SRL */ = {
			isa = PBXNativeTarget;
			buildConfigurationList = 87541C78265CDF04009E805D /* Build configuration list for PBXNativeTarget "SRL" */;
			buildPhases = (
				87541C4F265CDF03009E805D /* Sources */,
				87541C50265CDF03009E805D /* Frameworks */,
				87541C51265CDF03009E805D /* Resources */,
			);
			buildRules = (
			);
			dependencies = (
			);
			name = SRL;
			productName = SRL;
			productReference = 87541C53265CDF03009E805D /* SRL.app */;
			productType = "com.apple.product-type.application";
		};
		87541C63265CDF04009E805D /* SRLTests */ = {
			isa = PBXNativeTarget;
			buildConfigurationList = 87541C7B265CDF04009E805D /* Build configuration list for PBXNativeTarget "SRLTests" */;
			buildPhases = (
				87541C60265CDF04009E805D /* Sources */,
				87541C61265CDF04009E805D /* Frameworks */,
				87541C62265CDF04009E805D /* Resources */,
			);
			buildRules = (
			);
			dependencies = (
				87541C66265CDF04009E805D /* PBXTargetDependency */,
			);
			name = SRLTests;
			productName = SRLTests;
			productReference = 87541C64265CDF04009E805D /* SRLTests.xctest */;
			productType = "com.apple.product-type.bundle.unit-test";
		};
		87541C6E265CDF04009E805D /* SRLUITests */ = {
			isa = PBXNativeTarget;
			buildConfigurationList = 87541C7E265CDF04009E805D /* Build configuration list for PBXNativeTarget "SRLUITests" */;
			buildPhases = (
				87541C6B265CDF04009E805D /* Sources */,
				87541C6C265CDF04009E805D /* Frameworks */,
				87541C6D265CDF04009E805D /* Resources */,
			);
			buildRules = (
			);
			dependencies = (
				87541C71265CDF04009E805D /* PBXTargetDependency */,
			);
			name = SRLUITests;
			productName = SRLUITests;
			productReference = 87541C6F265CDF04009E805D /* SRLUITests.xctest */;
			productType = "com.apple.product-type.bundle.ui-testing";
		};
/* End PBXNativeTarget section */

/* Begin PBXProject section */
		87541C4B265CDF03009E805D /* Project object */ = {
			isa = PBXProject;
			attributes = {
				LastSwiftUpdateCheck = 1250;
				LastUpgradeCheck = 1250;
				TargetAttributes = {
					87541C52265CDF03009E805D = {
						CreatedOnToolsVersion = 12.5;
					};
					87541C63265CDF04009E805D = {
						CreatedOnToolsVersion = 12.5;
						TestTargetID = 87541C52265CDF03009E805D;
					};
					87541C6E265CDF04009E805D = {
						CreatedOnToolsVersion = 12.5;
						TestTargetID = 87541C52265CDF03009E805D;
					};
				};
			};
			buildConfigurationList = 87541C4E265CDF03009E805D /* Build configuration list for PBXProject "SRL" */;
			compatibilityVersion = "Xcode 9.3";
			developmentRegion = en;
			hasScannedForEncodings = 0;
			knownRegions = (
				en,
				Base,
			);
			mainGroup = 87541C4A265CDF03009E805D;
			productRefGroup = 87541C54265CDF03009E805D /* Products */;
			projectDirPath = "";
			projectRoot = "";
			targets = (
				87541C52265CDF03009E805D /* SRL */,
				87541C63265CDF04009E805D /* SRLTests */,
				87541C6E265CDF04009E805D /* SRLUITests */,
			);
		};
/* End PBXProject section */

/* Begin PBXResourcesBuildPhase section */
		87541C51265CDF03009E805D /* Resources */ = {
			isa = PBXResourcesBuildPhase;
			buildActionMask = 2147483647;
			files = (
				87541C5E265CDF04009E805D /* Preview Assets.xcassets in Resources */,
				87541C5B265CDF04009E805D /* Assets.xcassets in Resources */,
			);
			runOnlyForDeploymentPostprocessing = 0;
		};
		87541C62265CDF04009E805D /* Resources */ = {
			isa = PBXResourcesBuildPhase;
			buildActionMask = 2147483647;
			files = (
			);
			runOnlyForDeploymentPostprocessing = 0;
		};
		87541C6D265CDF04009E805D /* Resources */ = {
			isa = PBXResourcesBuildPhase;
			buildActionMask = 2147483647;
			files = (
			);
			runOnlyForDeploymentPostprocessing = 0;
		};
/* End PBXResourcesBuildPhase section */

/* Begin PBXSourcesBuildPhase section */
		87541C4F265CDF03009E805D /* Sources */ = {
			isa = PBXSourcesBuildPhase;
			buildActionMask = 2147483647;
			files = (
				87541C9A265CFA00009E805D /* DeckApiService.swift in Sources */,
				87A157D82667564900EEDCD7 /* ReviewViewModel.swift in Sources */,
				87541C9C265CFAA3009E805D /* SchedulableItem.swift in Sources */,
				87541C8B265CE2AD009E805D /* Deck.swift in Sources */,
				87A110D2265FDB6200F0D4B6 /* SchedulerSettings.swift in Sources */,
				87C634312663E88F008194B6 /* StoreViewModel.swift in Sources */,
				87541CA2265D565F009E805D /* CardViewModel.swift in Sources */,
				87541C57265CDF03009E805D /* SRLApp.swift in Sources */,
				8795D2152663E175007C99D9 /* DeckView.swift in Sources */,
				87541C8F265CE2C8009E805D /* Scheduler.swift in Sources */,
				87541CA0265D5646009E805D /* DeckViewModel.swift in Sources */,
				87541C8D265CE2BC009E805D /* Card.swift in Sources */,
				87541C95265CF1E4009E805D /* ReviewAction.swift in Sources */,
				87541C93265CE383009E805D /* Schedulable.swift in Sources */,
				87541C91265CE2D0009E805D /* ReviewQueue.swift in Sources */,
				87D3D05E2669FC6900D2B4DB /* DeckRow.swift in Sources */,
				8795D2132663E135007C99D9 /* StoreView.swift in Sources */,
				87A110CA265ED23A00F0D4B6 /* LearningState.swift in Sources */,
			);
			runOnlyForDeploymentPostprocessing = 0;
		};
		87541C60265CDF04009E805D /* Sources */ = {
			isa = PBXSourcesBuildPhase;
			buildActionMask = 2147483647;
			files = (
				87541C69265CDF04009E805D /* SRLTests.swift in Sources */,
				87644DF926714AD100AA4DB5 /* CodingTest.swift in Sources */,
				871957CD2660EF0B00AA06CC /* SchedulerReviewingTest.swift in Sources */,
				871957CF2660EF2200AA06CC /* SchedulerLapsingTest.swift in Sources */,
				871957D12660F43E00AA06CC /* SchedulerFunctionalityTest.swift in Sources */,
				871957C82660EAA800AA06CC /* SchedulerLearningTest.swift in Sources */,
			);
			runOnlyForDeploymentPostprocessing = 0;
		};
		87541C6B265CDF04009E805D /* Sources */ = {
			isa = PBXSourcesBuildPhase;
			buildActionMask = 2147483647;
			files = (
				87541C74265CDF04009E805D /* SRLUITests.swift in Sources */,
			);
			runOnlyForDeploymentPostprocessing = 0;
		};
/* End PBXSourcesBuildPhase section */

/* Begin PBXTargetDependency section */
		87541C66265CDF04009E805D /* PBXTargetDependency */ = {
			isa = PBXTargetDependency;
			target = 87541C52265CDF03009E805D /* SRL */;
			targetProxy = 87541C65265CDF04009E805D /* PBXContainerItemProxy */;
		};
		87541C71265CDF04009E805D /* PBXTargetDependency */ = {
			isa = PBXTargetDependency;
			target = 87541C52265CDF03009E805D /* SRL */;
			targetProxy = 87541C70265CDF04009E805D /* PBXContainerItemProxy */;
		};
/* End PBXTargetDependency section */

/* Begin XCBuildConfiguration section */
		87541C76265CDF04009E805D /* Debug */ = {
			isa = XCBuildConfiguration;
			buildSettings = {
				ALWAYS_SEARCH_USER_PATHS = NO;
				CLANG_ANALYZER_NONNULL = YES;
				CLANG_ANALYZER_NUMBER_OBJECT_CONVERSION = YES_AGGRESSIVE;
				CLANG_CXX_LANGUAGE_STANDARD = "gnu++14";
				CLANG_CXX_LIBRARY = "libc++";
				CLANG_ENABLE_MODULES = YES;
				CLANG_ENABLE_OBJC_ARC = YES;
				CLANG_ENABLE_OBJC_WEAK = YES;
				CLANG_WARN_BLOCK_CAPTURE_AUTORELEASING = YES;
				CLANG_WARN_BOOL_CONVERSION = YES;
				CLANG_WARN_COMMA = YES;
				CLANG_WARN_CONSTANT_CONVERSION = YES;
				CLANG_WARN_DEPRECATED_OBJC_IMPLEMENTATIONS = YES;
				CLANG_WARN_DIRECT_OBJC_ISA_USAGE = YES_ERROR;
				CLANG_WARN_DOCUMENTATION_COMMENTS = YES;
				CLANG_WARN_EMPTY_BODY = YES;
				CLANG_WARN_ENUM_CONVERSION = YES;
				CLANG_WARN_INFINITE_RECURSION = YES;
				CLANG_WARN_INT_CONVERSION = YES;
				CLANG_WARN_NON_LITERAL_NULL_CONVERSION = YES;
				CLANG_WARN_OBJC_IMPLICIT_RETAIN_SELF = YES;
				CLANG_WARN_OBJC_LITERAL_CONVERSION = YES;
				CLANG_WARN_OBJC_ROOT_CLASS = YES_ERROR;
				CLANG_WARN_QUOTED_INCLUDE_IN_FRAMEWORK_HEADER = YES;
				CLANG_WARN_RANGE_LOOP_ANALYSIS = YES;
				CLANG_WARN_STRICT_PROTOTYPES = YES;
				CLANG_WARN_SUSPICIOUS_MOVE = YES;
				CLANG_WARN_UNGUARDED_AVAILABILITY = YES_AGGRESSIVE;
				CLANG_WARN_UNREACHABLE_CODE = YES;
				CLANG_WARN__DUPLICATE_METHOD_MATCH = YES;
				COPY_PHASE_STRIP = NO;
				DEBUG_INFORMATION_FORMAT = dwarf;
				ENABLE_STRICT_OBJC_MSGSEND = YES;
				ENABLE_TESTABILITY = YES;
				GCC_C_LANGUAGE_STANDARD = gnu11;
				GCC_DYNAMIC_NO_PIC = NO;
				GCC_NO_COMMON_BLOCKS = YES;
				GCC_OPTIMIZATION_LEVEL = 0;
				GCC_PREPROCESSOR_DEFINITIONS = (
					"DEBUG=1",
					"$(inherited)",
				);
				GCC_WARN_64_TO_32_BIT_CONVERSION = YES;
				GCC_WARN_ABOUT_RETURN_TYPE = YES_ERROR;
				GCC_WARN_UNDECLARED_SELECTOR = YES;
				GCC_WARN_UNINITIALIZED_AUTOS = YES_AGGRESSIVE;
				GCC_WARN_UNUSED_FUNCTION = YES;
				GCC_WARN_UNUSED_VARIABLE = YES;
				IPHONEOS_DEPLOYMENT_TARGET = 14.5;
				MTL_ENABLE_DEBUG_INFO = INCLUDE_SOURCE;
				MTL_FAST_MATH = YES;
				ONLY_ACTIVE_ARCH = YES;
				SDKROOT = iphoneos;
				SWIFT_ACTIVE_COMPILATION_CONDITIONS = DEBUG;
				SWIFT_OPTIMIZATION_LEVEL = "-Onone";
			};
			name = Debug;
		};
		87541C77265CDF04009E805D /* Release */ = {
			isa = XCBuildConfiguration;
			buildSettings = {
				ALWAYS_SEARCH_USER_PATHS = NO;
				CLANG_ANALYZER_NONNULL = YES;
				CLANG_ANALYZER_NUMBER_OBJECT_CONVERSION = YES_AGGRESSIVE;
				CLANG_CXX_LANGUAGE_STANDARD = "gnu++14";
				CLANG_CXX_LIBRARY = "libc++";
				CLANG_ENABLE_MODULES = YES;
				CLANG_ENABLE_OBJC_ARC = YES;
				CLANG_ENABLE_OBJC_WEAK = YES;
				CLANG_WARN_BLOCK_CAPTURE_AUTORELEASING = YES;
				CLANG_WARN_BOOL_CONVERSION = YES;
				CLANG_WARN_COMMA = YES;
				CLANG_WARN_CONSTANT_CONVERSION = YES;
				CLANG_WARN_DEPRECATED_OBJC_IMPLEMENTATIONS = YES;
				CLANG_WARN_DIRECT_OBJC_ISA_USAGE = YES_ERROR;
				CLANG_WARN_DOCUMENTATION_COMMENTS = YES;
				CLANG_WARN_EMPTY_BODY = YES;
				CLANG_WARN_ENUM_CONVERSION = YES;
				CLANG_WARN_INFINITE_RECURSION = YES;
				CLANG_WARN_INT_CONVERSION = YES;
				CLANG_WARN_NON_LITERAL_NULL_CONVERSION = YES;
				CLANG_WARN_OBJC_IMPLICIT_RETAIN_SELF = YES;
				CLANG_WARN_OBJC_LITERAL_CONVERSION = YES;
				CLANG_WARN_OBJC_ROOT_CLASS = YES_ERROR;
				CLANG_WARN_QUOTED_INCLUDE_IN_FRAMEWORK_HEADER = YES;
				CLANG_WARN_RANGE_LOOP_ANALYSIS = YES;
				CLANG_WARN_STRICT_PROTOTYPES = YES;
				CLANG_WARN_SUSPICIOUS_MOVE = YES;
				CLANG_WARN_UNGUARDED_AVAILABILITY = YES_AGGRESSIVE;
				CLANG_WARN_UNREACHABLE_CODE = YES;
				CLANG_WARN__DUPLICATE_METHOD_MATCH = YES;
				COPY_PHASE_STRIP = NO;
				DEBUG_INFORMATION_FORMAT = "dwarf-with-dsym";
				ENABLE_NS_ASSERTIONS = NO;
				ENABLE_STRICT_OBJC_MSGSEND = YES;
				GCC_C_LANGUAGE_STANDARD = gnu11;
				GCC_NO_COMMON_BLOCKS = YES;
				GCC_WARN_64_TO_32_BIT_CONVERSION = YES;
				GCC_WARN_ABOUT_RETURN_TYPE = YES_ERROR;
				GCC_WARN_UNDECLARED_SELECTOR = YES;
				GCC_WARN_UNINITIALIZED_AUTOS = YES_AGGRESSIVE;
				GCC_WARN_UNUSED_FUNCTION = YES;
				GCC_WARN_UNUSED_VARIABLE = YES;
				IPHONEOS_DEPLOYMENT_TARGET = 14.5;
				MTL_ENABLE_DEBUG_INFO = NO;
				MTL_FAST_MATH = YES;
				SDKROOT = iphoneos;
				SWIFT_COMPILATION_MODE = wholemodule;
				SWIFT_OPTIMIZATION_LEVEL = "-O";
				VALIDATE_PRODUCT = YES;
			};
			name = Release;
		};
		87541C79265CDF04009E805D /* Debug */ = {
			isa = XCBuildConfiguration;
			buildSettings = {
				ASSETCATALOG_COMPILER_APPICON_NAME = AppIcon;
				ASSETCATALOG_COMPILER_GLOBAL_ACCENT_COLOR_NAME = AccentColor;
				CODE_SIGN_STYLE = Automatic;
				DEVELOPMENT_ASSET_PATHS = "\"SRL/Preview Content\"";
				ENABLE_PREVIEWS = YES;
				INFOPLIST_FILE = SRL/Info.plist;
				IPHONEOS_DEPLOYMENT_TARGET = 14.0;
				LD_RUNPATH_SEARCH_PATHS = (
					"$(inherited)",
					"@executable_path/Frameworks",
				);
				PRODUCT_BUNDLE_IDENTIFIER = dkoellgen.SRL;
				PRODUCT_NAME = "$(TARGET_NAME)";
				SWIFT_VERSION = 5.0;
				TARGETED_DEVICE_FAMILY = "1,2";
			};
			name = Debug;
		};
		87541C7A265CDF04009E805D /* Release */ = {
			isa = XCBuildConfiguration;
			buildSettings = {
				ASSETCATALOG_COMPILER_APPICON_NAME = AppIcon;
				ASSETCATALOG_COMPILER_GLOBAL_ACCENT_COLOR_NAME = AccentColor;
				CODE_SIGN_STYLE = Automatic;
				DEVELOPMENT_ASSET_PATHS = "\"SRL/Preview Content\"";
				ENABLE_PREVIEWS = YES;
				INFOPLIST_FILE = SRL/Info.plist;
				IPHONEOS_DEPLOYMENT_TARGET = 14.0;
				LD_RUNPATH_SEARCH_PATHS = (
					"$(inherited)",
					"@executable_path/Frameworks",
				);
				PRODUCT_BUNDLE_IDENTIFIER = dkoellgen.SRL;
				PRODUCT_NAME = "$(TARGET_NAME)";
				SWIFT_VERSION = 5.0;
				TARGETED_DEVICE_FAMILY = "1,2";
			};
			name = Release;
		};
		87541C7C265CDF04009E805D /* Debug */ = {
			isa = XCBuildConfiguration;
			buildSettings = {
				ALWAYS_EMBED_SWIFT_STANDARD_LIBRARIES = YES;
				BUNDLE_LOADER = "$(TEST_HOST)";
				CODE_SIGN_STYLE = Automatic;
				INFOPLIST_FILE = SRLTests/Info.plist;
				IPHONEOS_DEPLOYMENT_TARGET = 14.0;
				LD_RUNPATH_SEARCH_PATHS = (
					"$(inherited)",
					"@executable_path/Frameworks",
					"@loader_path/Frameworks",
				);
				PRODUCT_BUNDLE_IDENTIFIER = dkoellgen.SRLTests;
				PRODUCT_NAME = "$(TARGET_NAME)";
				SWIFT_VERSION = 5.0;
				TARGETED_DEVICE_FAMILY = "1,2";
				TEST_HOST = "$(BUILT_PRODUCTS_DIR)/SRL.app/SRL";
			};
			name = Debug;
		};
		87541C7D265CDF04009E805D /* Release */ = {
			isa = XCBuildConfiguration;
			buildSettings = {
				ALWAYS_EMBED_SWIFT_STANDARD_LIBRARIES = YES;
				BUNDLE_LOADER = "$(TEST_HOST)";
				CODE_SIGN_STYLE = Automatic;
				INFOPLIST_FILE = SRLTests/Info.plist;
				IPHONEOS_DEPLOYMENT_TARGET = 14.0;
				LD_RUNPATH_SEARCH_PATHS = (
					"$(inherited)",
					"@executable_path/Frameworks",
					"@loader_path/Frameworks",
				);
				PRODUCT_BUNDLE_IDENTIFIER = dkoellgen.SRLTests;
				PRODUCT_NAME = "$(TARGET_NAME)";
				SWIFT_VERSION = 5.0;
				TARGETED_DEVICE_FAMILY = "1,2";
				TEST_HOST = "$(BUILT_PRODUCTS_DIR)/SRL.app/SRL";
			};
			name = Release;
		};
		87541C7F265CDF04009E805D /* Debug */ = {
			isa = XCBuildConfiguration;
			buildSettings = {
				ALWAYS_EMBED_SWIFT_STANDARD_LIBRARIES = YES;
				CODE_SIGN_STYLE = Automatic;
				INFOPLIST_FILE = SRLUITests/Info.plist;
				LD_RUNPATH_SEARCH_PATHS = (
					"$(inherited)",
					"@executable_path/Frameworks",
					"@loader_path/Frameworks",
				);
				PRODUCT_BUNDLE_IDENTIFIER = dkoellgen.SRLUITests;
				PRODUCT_NAME = "$(TARGET_NAME)";
				SWIFT_VERSION = 5.0;
				TARGETED_DEVICE_FAMILY = "1,2";
				TEST_TARGET_NAME = SRL;
			};
			name = Debug;
		};
		87541C80265CDF04009E805D /* Release */ = {
			isa = XCBuildConfiguration;
			buildSettings = {
				ALWAYS_EMBED_SWIFT_STANDARD_LIBRARIES = YES;
				CODE_SIGN_STYLE = Automatic;
				INFOPLIST_FILE = SRLUITests/Info.plist;
				LD_RUNPATH_SEARCH_PATHS = (
					"$(inherited)",
					"@executable_path/Frameworks",
					"@loader_path/Frameworks",
				);
				PRODUCT_BUNDLE_IDENTIFIER = dkoellgen.SRLUITests;
				PRODUCT_NAME = "$(TARGET_NAME)";
				SWIFT_VERSION = 5.0;
				TARGETED_DEVICE_FAMILY = "1,2";
				TEST_TARGET_NAME = SRL;
			};
			name = Release;
		};
/* End XCBuildConfiguration section */

/* Begin XCConfigurationList section */
		87541C4E265CDF03009E805D /* Build configuration list for PBXProject "SRL" */ = {
			isa = XCConfigurationList;
			buildConfigurations = (
				87541C76265CDF04009E805D /* Debug */,
				87541C77265CDF04009E805D /* Release */,
			);
			defaultConfigurationIsVisible = 0;
			defaultConfigurationName = Release;
		};
		87541C78265CDF04009E805D /* Build configuration list for PBXNativeTarget "SRL" */ = {
			isa = XCConfigurationList;
			buildConfigurations = (
				87541C79265CDF04009E805D /* Debug */,
				87541C7A265CDF04009E805D /* Release */,
			);
			defaultConfigurationIsVisible = 0;
			defaultConfigurationName = Release;
		};
		87541C7B265CDF04009E805D /* Build configuration list for PBXNativeTarget "SRLTests" */ = {
			isa = XCConfigurationList;
			buildConfigurations = (
				87541C7C265CDF04009E805D /* Debug */,
				87541C7D265CDF04009E805D /* Release */,
			);
			defaultConfigurationIsVisible = 0;
			defaultConfigurationName = Release;
		};
		87541C7E265CDF04009E805D /* Build configuration list for PBXNativeTarget "SRLUITests" */ = {
			isa = XCConfigurationList;
			buildConfigurations = (
				87541C7F265CDF04009E805D /* Debug */,
				87541C80265CDF04009E805D /* Release */,
			);
			defaultConfigurationIsVisible = 0;
			defaultConfigurationName = Release;
		};
/* End XCConfigurationList section */
	};
	rootObject = 87541C4B265CDF03009E805D /* Project object */;
}
