// !$*UTF8*$!
{
	archiveVersion = 1;
	classes = {
	};
	objectVersion = 50;
	objects = {

/* Begin PBXBuildFile section */
		8701854526AF10CA00781CCF /* ImagePicker.swift in Sources */ = {isa = PBXBuildFile; fileRef = 8701854426AF10CA00781CCF /* ImagePicker.swift */; };
		8701854826AF1F3E00781CCF /* ImageEncoder.swift in Sources */ = {isa = PBXBuildFile; fileRef = 8701854726AF1F3E00781CCF /* ImageEncoder.swift */; };
		8703B9B726B64B83007572B6 /* ReviewTypes.swift in Sources */ = {isa = PBXBuildFile; fileRef = 8703B9B626B64B83007572B6 /* ReviewTypes.swift */; };
		870F473626B512DC00BCEEC9 /* NotificationService.swift in Sources */ = {isa = PBXBuildFile; fileRef = 870F473526B512DC00BCEEC9 /* NotificationService.swift */; };
		870F473B26B51A0900BCEEC9 /* ManageNotifications.swift in Sources */ = {isa = PBXBuildFile; fileRef = 870F473A26B51A0900BCEEC9 /* ManageNotifications.swift */; };
		870F473D26B51B1700BCEEC9 /* NotificationForm.swift in Sources */ = {isa = PBXBuildFile; fileRef = 870F473C26B51B1700BCEEC9 /* NotificationForm.swift */; };
		870F473F26B51DDE00BCEEC9 /* NotificationViewModel.swift in Sources */ = {isa = PBXBuildFile; fileRef = 870F473E26B51DDE00BCEEC9 /* NotificationViewModel.swift */; };
		870F474526B523C700BCEEC9 /* DemoNotification.swift in Sources */ = {isa = PBXBuildFile; fileRef = 870F474426B523C700BCEEC9 /* DemoNotification.swift */; };
		870F474726B5268200BCEEC9 /* Notification.swift in Sources */ = {isa = PBXBuildFile; fileRef = 870F474626B5268200BCEEC9 /* Notification.swift */; };
		870F474926B52AD900BCEEC9 /* NotificationRepository.swift in Sources */ = {isa = PBXBuildFile; fileRef = 870F474826B52AD900BCEEC9 /* NotificationRepository.swift */; };
		870F474D26B52B1800BCEEC9 /* NotificationType.swift in Sources */ = {isa = PBXBuildFile; fileRef = 870F474C26B52B1800BCEEC9 /* NotificationType.swift */; };
		870F475026B52D1100BCEEC9 /* NotificationLauncherService.swift in Sources */ = {isa = PBXBuildFile; fileRef = 870F474F26B52D1100BCEEC9 /* NotificationLauncherService.swift */; };
		870F475226B52FC800BCEEC9 /* NotificationUserDefaultsRepository.swift in Sources */ = {isa = PBXBuildFile; fileRef = 870F475126B52FC800BCEEC9 /* NotificationUserDefaultsRepository.swift */; };
		870F475426B543B400BCEEC9 /* Notifications.swift in Sources */ = {isa = PBXBuildFile; fileRef = 870F475326B543B400BCEEC9 /* Notifications.swift */; };
		871957C82660EAA800AA06CC /* SchedulerLearningTest.swift in Sources */ = {isa = PBXBuildFile; fileRef = 871957C72660EAA800AA06CC /* SchedulerLearningTest.swift */; };
		871957CD2660EF0B00AA06CC /* SchedulerReviewingTest.swift in Sources */ = {isa = PBXBuildFile; fileRef = 871957CC2660EF0B00AA06CC /* SchedulerReviewingTest.swift */; };
		871957CF2660EF2200AA06CC /* SchedulerLapsingTest.swift in Sources */ = {isa = PBXBuildFile; fileRef = 871957CE2660EF2200AA06CC /* SchedulerLapsingTest.swift */; };
		871957D12660F43E00AA06CC /* SchedulerFunctionalityTest.swift in Sources */ = {isa = PBXBuildFile; fileRef = 871957D02660F43E00AA06CC /* SchedulerFunctionalityTest.swift */; };
		871F1187268ED0C400BF9A51 /* DeckService.swift in Sources */ = {isa = PBXBuildFile; fileRef = 871F1186268ED0C400BF9A51 /* DeckService.swift */; };
		871F1192268ED10E00BF9A51 /* ReviewQueue.swift in Sources */ = {isa = PBXBuildFile; fileRef = 871F1191268ED10E00BF9A51 /* ReviewQueue.swift */; };
		871F11A6268F05C200BF9A51 /* SchedulePresetService.swift in Sources */ = {isa = PBXBuildFile; fileRef = 871F11A5268F05C200BF9A51 /* SchedulePresetService.swift */; };
		871F11A8268F05CD00BF9A51 /* SchedulePreset.swift in Sources */ = {isa = PBXBuildFile; fileRef = 871F11A7268F05CD00BF9A51 /* SchedulePreset.swift */; };
		871F11AD268F09E300BF9A51 /* SchedulePresetUserDefaultsRepository.swift in Sources */ = {isa = PBXBuildFile; fileRef = 871F11AC268F09E300BF9A51 /* SchedulePresetUserDefaultsRepository.swift */; };
		871F11B0268F217700BF9A51 /* SchedulePresetFactory.swift in Sources */ = {isa = PBXBuildFile; fileRef = 871F11AF268F217700BF9A51 /* SchedulePresetFactory.swift */; };
		871F11B2268F245F00BF9A51 /* SchedulePresetException.swift in Sources */ = {isa = PBXBuildFile; fileRef = 871F11B1268F245F00BF9A51 /* SchedulePresetException.swift */; };
		871F75AC26A14019006431B8 /* SchedulerAssember.swift in Sources */ = {isa = PBXBuildFile; fileRef = 871F75AB26A14019006431B8 /* SchedulerAssember.swift */; };
		871F75AE26A14379006431B8 /* CardAssembler.swift in Sources */ = {isa = PBXBuildFile; fileRef = 871F75AD26A14379006431B8 /* CardAssembler.swift */; };
		871F75B026A148EB006431B8 /* DeckAssembler.swift in Sources */ = {isa = PBXBuildFile; fileRef = 871F75AF26A148EB006431B8 /* DeckAssembler.swift */; };
		872ADF2E2692DDF6007C601A /* DeckForm.swift in Sources */ = {isa = PBXBuildFile; fileRef = 872ADF2D2692DDF6007C601A /* DeckForm.swift */; };
		873259B326A9EE2E00F3178F /* CardContentTypeContainer.swift in Sources */ = {isa = PBXBuildFile; fileRef = 873259B226A9EE2E00F3178F /* CardContentTypeContainer.swift */; };
		873259B626A9FA6200F3178F /* EditCardViewModel.swift in Sources */ = {isa = PBXBuildFile; fileRef = 873259B526A9FA6200F3178F /* EditCardViewModel.swift */; };
		873B913726B436BE00456D0E /* CardTypePicker.swift in Sources */ = {isa = PBXBuildFile; fileRef = 873B913626B436BE00456D0E /* CardTypePicker.swift */; };
		873B913B26B4374200456D0E /* CardSchedulePresetPicker.swift in Sources */ = {isa = PBXBuildFile; fileRef = 873B913A26B4374200456D0E /* CardSchedulePresetPicker.swift */; };
		873B913D26B437E000456D0E /* EditCard.swift in Sources */ = {isa = PBXBuildFile; fileRef = 873B913C26B437E000456D0E /* EditCard.swift */; };
		873B913F26B4389D00456D0E /* CardFormContentListing.swift in Sources */ = {isa = PBXBuildFile; fileRef = 873B913E26B4389D00456D0E /* CardFormContentListing.swift */; };
		873B914126B441C500456D0E /* CardDeckPicker.swift in Sources */ = {isa = PBXBuildFile; fileRef = 873B914026B441C500456D0E /* CardDeckPicker.swift */; };
		873B914326B4517900456D0E /* ExtensionEaseFactor.swift in Sources */ = {isa = PBXBuildFile; fileRef = 873B914226B4517900456D0E /* ExtensionEaseFactor.swift */; };
		873D4F952690D0D700A4F128 /* BottomSheet.swift in Sources */ = {isa = PBXBuildFile; fileRef = 873D4F912690D0D700A4F128 /* BottomSheet.swift */; };
		873D4F962690D0D700A4F128 /* ViewExtension.swift in Sources */ = {isa = PBXBuildFile; fileRef = 873D4F922690D0D700A4F128 /* ViewExtension.swift */; };
		873D4F972690D0D700A4F128 /* BottomSheetView.swift in Sources */ = {isa = PBXBuildFile; fileRef = 873D4F932690D0D700A4F128 /* BottomSheetView.swift */; };
		873D4F982690D0D700A4F128 /* BottomSheetPosition.swift in Sources */ = {isa = PBXBuildFile; fileRef = 873D4F942690D0D700A4F128 /* BottomSheetPosition.swift */; };
		873D4F9C2690D0E500A4F128 /* EffectView.swift in Sources */ = {isa = PBXBuildFile; fileRef = 873D4F9A2690D0E500A4F128 /* EffectView.swift */; };
		873D4F9D2690D0E500A4F128 /* RoundedCorner.swift in Sources */ = {isa = PBXBuildFile; fileRef = 873D4F9B2690D0E500A4F128 /* RoundedCorner.swift */; };
		8745A6C726AAE5CB00529587 /* CardContent.swift in Sources */ = {isa = PBXBuildFile; fileRef = 8745A6C626AAE5CB00529587 /* CardContent.swift */; };
		8750A3C926919C2A00837E24 /* CustomStudyView.swift in Sources */ = {isa = PBXBuildFile; fileRef = 8750A3C826919C2A00837E24 /* CustomStudyView.swift */; };
		8750A3CB2691B92800837E24 /* PresetViewModel.swift in Sources */ = {isa = PBXBuildFile; fileRef = 8750A3CA2691B92800837E24 /* PresetViewModel.swift */; };
		8750A3CF2691E97A00837E24 /* DeleteDeckBottomSheet.swift in Sources */ = {isa = PBXBuildFile; fileRef = 8750A3CE2691E97A00837E24 /* DeleteDeckBottomSheet.swift */; };
		875392B626AA8348008CFCC4 /* CreateCardViewModel.swift in Sources */ = {isa = PBXBuildFile; fileRef = 875392B526AA8348008CFCC4 /* CreateCardViewModel.swift */; };
		875392B926AA9E37008CFCC4 /* ContentTypeMapper.swift in Sources */ = {isa = PBXBuildFile; fileRef = 875392B826AA9E37008CFCC4 /* ContentTypeMapper.swift */; };
		87541C57265CDF03009E805D /* SRLApp.swift in Sources */ = {isa = PBXBuildFile; fileRef = 87541C56265CDF03009E805D /* SRLApp.swift */; };
		87541C5B265CDF04009E805D /* Assets.xcassets in Resources */ = {isa = PBXBuildFile; fileRef = 87541C5A265CDF04009E805D /* Assets.xcassets */; };
		87541C5E265CDF04009E805D /* Preview Assets.xcassets in Resources */ = {isa = PBXBuildFile; fileRef = 87541C5D265CDF04009E805D /* Preview Assets.xcassets */; };
		87541C69265CDF04009E805D /* SRLTests.swift in Sources */ = {isa = PBXBuildFile; fileRef = 87541C68265CDF04009E805D /* SRLTests.swift */; };
		87541C74265CDF04009E805D /* SRLUITests.swift in Sources */ = {isa = PBXBuildFile; fileRef = 87541C73265CDF04009E805D /* SRLUITests.swift */; };
		87541C8B265CE2AD009E805D /* Deck.swift in Sources */ = {isa = PBXBuildFile; fileRef = 87541C8A265CE2AD009E805D /* Deck.swift */; };
		87541C8F265CE2C8009E805D /* Scheduler.swift in Sources */ = {isa = PBXBuildFile; fileRef = 87541C8E265CE2C8009E805D /* Scheduler.swift */; };
		87541C95265CF1E4009E805D /* ReviewAction.swift in Sources */ = {isa = PBXBuildFile; fileRef = 87541C94265CF1E4009E805D /* ReviewAction.swift */; };
		87541CA0265D5646009E805D /* DeckViewModel.swift in Sources */ = {isa = PBXBuildFile; fileRef = 87541C9F265D5646009E805D /* DeckViewModel.swift */; };
		8757BBB726AD384B00B6C7B1 /* ReviewQueueInternalInitializationTest.swift in Sources */ = {isa = PBXBuildFile; fileRef = 8757BBB626AD384B00B6C7B1 /* ReviewQueueInternalInitializationTest.swift */; };
		8757BBBD26AD418200B6C7B1 /* TestCoreCardBuilder.swift in Sources */ = {isa = PBXBuildFile; fileRef = 8757BBBC26AD418200B6C7B1 /* TestCoreCardBuilder.swift */; };
		8757BBC526AD94C500B6C7B1 /* SchedulerException.swift in Sources */ = {isa = PBXBuildFile; fileRef = 8757BBC426AD94C500B6C7B1 /* SchedulerException.swift */; };
		8757BBC926ADD87800B6C7B1 /* CustomStudyViewModel.swift in Sources */ = {isa = PBXBuildFile; fileRef = 8757BBC826ADD87800B6C7B1 /* CustomStudyViewModel.swift */; };
		8762CFF226ABEBC500CBEA2F /* CardDeletionService.swift in Sources */ = {isa = PBXBuildFile; fileRef = 8762CFF126ABEBC500CBEA2F /* CardDeletionService.swift */; };
		876840BD26AB0EB6008384B3 /* CardCreationService.swift in Sources */ = {isa = PBXBuildFile; fileRef = 876840BC26AB0EB6008384B3 /* CardCreationService.swift */; };
		876840BF26AB1118008384B3 /* DeckException.swift in Sources */ = {isa = PBXBuildFile; fileRef = 876840BE26AB1118008384B3 /* DeckException.swift */; };
		876840C126AB12AF008384B3 /* CardBrowseView.swift in Sources */ = {isa = PBXBuildFile; fileRef = 876840C026AB12AF008384B3 /* CardBrowseView.swift */; };
		876840C526AB18C4008384B3 /* CardPreview.swift in Sources */ = {isa = PBXBuildFile; fileRef = 876840C426AB18C4008384B3 /* CardPreview.swift */; };
		8772F2A726B2A8A0008795AB /* PresetInputForm.swift in Sources */ = {isa = PBXBuildFile; fileRef = 8772F2A626B2A8A0008795AB /* PresetInputForm.swift */; };
		8772F2A926B2B120008795AB /* TestResetPersistentData.swift in Sources */ = {isa = PBXBuildFile; fileRef = 8772F2A826B2B120008795AB /* TestResetPersistentData.swift */; };
		8773256426A9ACC400CAD727 /* AbstractCardViewModel.swift in Sources */ = {isa = PBXBuildFile; fileRef = 8773256326A9ACC400CAD727 /* AbstractCardViewModel.swift */; };
		8773256826A9B3D700CAD727 /* CardTypeMapper.swift in Sources */ = {isa = PBXBuildFile; fileRef = 8773256726A9B3D700CAD727 /* CardTypeMapper.swift */; };
		877B155E26B150D7009FF1CC /* LearningSteps.swift in Sources */ = {isa = PBXBuildFile; fileRef = 877B155D26B150D7009FF1CC /* LearningSteps.swift */; };
		877B156226B152BB009FF1CC /* InputValidation.swift in Sources */ = {isa = PBXBuildFile; fileRef = 877B156126B152BB009FF1CC /* InputValidation.swift */; };
		877B156426B156B2009FF1CC /* LapseSteps.swift in Sources */ = {isa = PBXBuildFile; fileRef = 877B156326B156B2009FF1CC /* LapseSteps.swift */; };
		877B156626B15C1F009FF1CC /* EasyIntervalModifier.swift in Sources */ = {isa = PBXBuildFile; fileRef = 877B156526B15C1F009FF1CC /* EasyIntervalModifier.swift */; };
		877B156826B1617D009FF1CC /* OutputRangeBuilder.swift in Sources */ = {isa = PBXBuildFile; fileRef = 877B156726B1617D009FF1CC /* OutputRangeBuilder.swift */; };
		877B156A26B1636A009FF1CC /* EaseFactor.swift in Sources */ = {isa = PBXBuildFile; fileRef = 877B156926B1636A009FF1CC /* EaseFactor.swift */; };
		877B156C26B1684C009FF1CC /* EasyFactorModifier.swift in Sources */ = {isa = PBXBuildFile; fileRef = 877B156B26B1684C009FF1CC /* EasyFactorModifier.swift */; };
		877B156E26B168CA009FF1CC /* NormalFactorModifier.swift in Sources */ = {isa = PBXBuildFile; fileRef = 877B156D26B168CA009FF1CC /* NormalFactorModifier.swift */; };
		877B157026B168F7009FF1CC /* HardFactorModifier.swift in Sources */ = {isa = PBXBuildFile; fileRef = 877B156F26B168F7009FF1CC /* HardFactorModifier.swift */; };
		877B157226B16933009FF1CC /* LapseFactorModifier.swift in Sources */ = {isa = PBXBuildFile; fileRef = 877B157126B16933009FF1CC /* LapseFactorModifier.swift */; };
		877B157426B16966009FF1CC /* MinimumInterval.swift in Sources */ = {isa = PBXBuildFile; fileRef = 877B157326B16966009FF1CC /* MinimumInterval.swift */; };
		877B157626B1699C009FF1CC /* LapseSetbackFactor.swift in Sources */ = {isa = PBXBuildFile; fileRef = 877B157526B1699C009FF1CC /* LapseSetbackFactor.swift */; };
		877B157826B169AF009FF1CC /* GraduationInterval.swift in Sources */ = {isa = PBXBuildFile; fileRef = 877B157726B169AF009FF1CC /* GraduationInterval.swift */; };
		877B157A26B16A13009FF1CC /* MatureInterval.swift in Sources */ = {isa = PBXBuildFile; fileRef = 877B157926B16A13009FF1CC /* MatureInterval.swift */; };
		877BF8C8269216AA00710AD2 /* Presets.swift in Sources */ = {isa = PBXBuildFile; fileRef = 877BF8C7269216AA00710AD2 /* Presets.swift */; };
		877BF8CB26921AF800710AD2 /* EditPreset.swift in Sources */ = {isa = PBXBuildFile; fileRef = 877BF8CA26921AF800710AD2 /* EditPreset.swift */; };
		877BF8CD26921CC300710AD2 /* NewPreset.swift in Sources */ = {isa = PBXBuildFile; fileRef = 877BF8CC26921CC300710AD2 /* NewPreset.swift */; };
		8783F50726AEAD480079BA07 /* ReviewQueueRepository.swift in Sources */ = {isa = PBXBuildFile; fileRef = 8783F50626AEAD480079BA07 /* ReviewQueueRepository.swift */; };
		8783F50926AEB3320079BA07 /* ReviewQueueException.swift in Sources */ = {isa = PBXBuildFile; fileRef = 8783F50826AEB3320079BA07 /* ReviewQueueException.swift */; };
		878ABC8E26AFD5F90031AB39 /* PresetEditorViewModel.swift in Sources */ = {isa = PBXBuildFile; fileRef = 878ABC8D26AFD5F90031AB39 /* PresetEditorViewModel.swift */; };
		878ABC9226AFD8360031AB39 /* ExtensionSchedulePresetExceptions.swift in Sources */ = {isa = PBXBuildFile; fileRef = 878ABC9126AFD8360031AB39 /* ExtensionSchedulePresetExceptions.swift */; };
		87946B69268F996600CEAA98 /* SchedulePresetRepository.swift in Sources */ = {isa = PBXBuildFile; fileRef = 87946B68268F996600CEAA98 /* SchedulePresetRepository.swift */; };
		8795D2132663E135007C99D9 /* DeckListView.swift in Sources */ = {isa = PBXBuildFile; fileRef = 8795D2122663E135007C99D9 /* DeckListView.swift */; };
		8795D2152663E175007C99D9 /* DeckView.swift in Sources */ = {isa = PBXBuildFile; fileRef = 8795D2142663E175007C99D9 /* DeckView.swift */; };
		87A110CA265ED23A00F0D4B6 /* LearningState.swift in Sources */ = {isa = PBXBuildFile; fileRef = 87A110C9265ED23A00F0D4B6 /* LearningState.swift */; };
		87B480AC26901F7B00887C6A /* DeckRepository.swift in Sources */ = {isa = PBXBuildFile; fileRef = 87B480AB26901F7B00887C6A /* DeckRepository.swift */; };
		87B480AE2690221300887C6A /* DeckUserDefaultsRepository.swift in Sources */ = {isa = PBXBuildFile; fileRef = 87B480AD2690221300887C6A /* DeckUserDefaultsRepository.swift */; };
		87B480BB269064B000887C6A /* CardType.swift in Sources */ = {isa = PBXBuildFile; fileRef = 87B480BA269064B000887C6A /* CardType.swift */; };
		87B480BD269064F600887C6A /* CardContentType.swift in Sources */ = {isa = PBXBuildFile; fileRef = 87B480BC269064F600887C6A /* CardContentType.swift */; };
		87B480BF2690669C00887C6A /* DefaultCard.swift in Sources */ = {isa = PBXBuildFile; fileRef = 87B480BE2690669C00887C6A /* DefaultCard.swift */; };
		87B480C1269066A200887C6A /* TypingCard.swift in Sources */ = {isa = PBXBuildFile; fileRef = 87B480C0269066A200887C6A /* TypingCard.swift */; };
		87B480C426906B9300887C6A /* Card.swift in Sources */ = {isa = PBXBuildFile; fileRef = 87B480C326906B9300887C6A /* Card.swift */; };
		87B480C726906DF200887C6A /* TextContent.swift in Sources */ = {isa = PBXBuildFile; fileRef = 87B480C626906DF200887C6A /* TextContent.swift */; };
		87B480C926906DF800887C6A /* ImageContent.swift in Sources */ = {isa = PBXBuildFile; fileRef = 87B480C826906DF800887C6A /* ImageContent.swift */; };
		87B480CB26906E8600887C6A /* TypingContent.swift in Sources */ = {isa = PBXBuildFile; fileRef = 87B480CA26906E8600887C6A /* TypingContent.swift */; };
		87BAFEB8269D8F9D003B3C71 /* ReviewType.swift in Sources */ = {isa = PBXBuildFile; fileRef = 87BAFEB7269D8F9D003B3C71 /* ReviewType.swift */; };
		87BAFEC0269DD9A0003B3C71 /* ReviewQueueService.swift in Sources */ = {isa = PBXBuildFile; fileRef = 87BAFEBF269DD9A0003B3C71 /* ReviewQueueService.swift */; };
		87BF1D7326B3AE7E00230F97 /* NewDeck.swift in Sources */ = {isa = PBXBuildFile; fileRef = 87BF1D7226B3AE7E00230F97 /* NewDeck.swift */; };
		87BF1D7526B3B16D00230F97 /* EditDeck.swift in Sources */ = {isa = PBXBuildFile; fileRef = 87BF1D7426B3B16D00230F97 /* EditDeck.swift */; };
		87BF1D7D26B3BFC800230F97 /* ReviewDefaultCard.swift in Sources */ = {isa = PBXBuildFile; fileRef = 87BF1D7C26B3BFC800230F97 /* ReviewDefaultCard.swift */; };
		87BF1D7F26B3BFD800230F97 /* ReviewFooter.swift in Sources */ = {isa = PBXBuildFile; fileRef = 87BF1D7E26B3BFD800230F97 /* ReviewFooter.swift */; };
		87BF1D8126B3CE4000230F97 /* ReviewTypingCard.swift in Sources */ = {isa = PBXBuildFile; fileRef = 87BF1D8026B3CE4000230F97 /* ReviewTypingCard.swift */; };
		87BF1D8426B3EB2400230F97 /* ExtensionLearningState.swift in Sources */ = {isa = PBXBuildFile; fileRef = 87BF1D8326B3EB2400230F97 /* ExtensionLearningState.swift */; };
		87BF1D8626B3EC8900230F97 /* ExtensionDefaultCard.swift in Sources */ = {isa = PBXBuildFile; fileRef = 87BF1D8526B3EC8900230F97 /* ExtensionDefaultCard.swift */; };
		87BF1D8826B3ED9100230F97 /* ExtensionReviewDate.swift in Sources */ = {isa = PBXBuildFile; fileRef = 87BF1D8726B3ED9100230F97 /* ExtensionReviewDate.swift */; };
		87BF1D8A26B3EEDD00230F97 /* ExtensionReviewInterval.swift in Sources */ = {isa = PBXBuildFile; fileRef = 87BF1D8926B3EEDD00230F97 /* ExtensionReviewInterval.swift */; };
		87BF1D8C26B3EFCA00230F97 /* ExtensionTimeInterval.swift in Sources */ = {isa = PBXBuildFile; fileRef = 87BF1D8B26B3EFCA00230F97 /* ExtensionTimeInterval.swift */; };
		87BF1D8E26B3F34C00230F97 /* CardContentForm.swift in Sources */ = {isa = PBXBuildFile; fileRef = 87BF1D8D26B3F34C00230F97 /* CardContentForm.swift */; };
		87BF1D9026B3FC1400230F97 /* NewCard.swift in Sources */ = {isa = PBXBuildFile; fileRef = 87BF1D8F26B3FC1400230F97 /* NewCard.swift */; };
		87BF1D9326B413D900230F97 /* CardContentPicker.swift in Sources */ = {isa = PBXBuildFile; fileRef = 87BF1D9226B413D900230F97 /* CardContentPicker.swift */; };
		87C07D0C26B188D90077A540 /* FactorModifier.swift in Sources */ = {isa = PBXBuildFile; fileRef = 87C07D0B26B188D90077A540 /* FactorModifier.swift */; };
		87C4971226AC33DB0015823E /* ReviewView.swift in Sources */ = {isa = PBXBuildFile; fileRef = 87C4971126AC33DB0015823E /* ReviewView.swift */; };
		87C4971426AC33E50015823E /* ReviewViewModel.swift in Sources */ = {isa = PBXBuildFile; fileRef = 87C4971326AC33E50015823E /* ReviewViewModel.swift */; };
		87C4971826AC791D0015823E /* CardException.swift in Sources */ = {isa = PBXBuildFile; fileRef = 87C4971726AC791D0015823E /* CardException.swift */; };
		87C634312663E88F008194B6 /* StoreViewModel.swift in Sources */ = {isa = PBXBuildFile; fileRef = 87C634302663E88F008194B6 /* StoreViewModel.swift */; };
		87D3D05E2669FC6900D2B4DB /* ListRowHorizontalSeparated.swift in Sources */ = {isa = PBXBuildFile; fileRef = 87D3D05D2669FC6900D2B4DB /* ListRowHorizontalSeparated.swift */; };
		87DA6847269CB93E003F07A8 /* SchedulerRepository.swift in Sources */ = {isa = PBXBuildFile; fileRef = 87DA6846269CB93E003F07A8 /* SchedulerRepository.swift */; };
		87DA6849269CB95B003F07A8 /* SchedulerUserDefaultsRepository.swift in Sources */ = {isa = PBXBuildFile; fileRef = 87DA6848269CB95B003F07A8 /* SchedulerUserDefaultsRepository.swift */; };
		87DA684B269CB968003F07A8 /* SchedulerService.swift in Sources */ = {isa = PBXBuildFile; fileRef = 87DA684A269CB968003F07A8 /* SchedulerService.swift */; };
		87DA684D269CB976003F07A8 /* CardService.swift in Sources */ = {isa = PBXBuildFile; fileRef = 87DA684C269CB976003F07A8 /* CardService.swift */; };
		87DA684F269CB983003F07A8 /* CardRepository.swift in Sources */ = {isa = PBXBuildFile; fileRef = 87DA684E269CB983003F07A8 /* CardRepository.swift */; };
		87DA6851269CB98D003F07A8 /* CardUserDefaultsRepository.swift in Sources */ = {isa = PBXBuildFile; fileRef = 87DA6850269CB98D003F07A8 /* CardUserDefaultsRepository.swift */; };
		87E3BB1426B1A04D000901FF /* FactorModifierException.swift in Sources */ = {isa = PBXBuildFile; fileRef = 87E3BB1326B1A04D000901FF /* FactorModifierException.swift */; };
		87E3BB1626B1A75D000901FF /* ReviewInterval.swift in Sources */ = {isa = PBXBuildFile; fileRef = 87E3BB1526B1A75D000901FF /* ReviewInterval.swift */; };
		87E3BB1826B1A886000901FF /* ReviewDate.swift in Sources */ = {isa = PBXBuildFile; fileRef = 87E3BB1726B1A886000901FF /* ReviewDate.swift */; };
		87E3BB1A26B1AA67000901FF /* LearningStep.swift in Sources */ = {isa = PBXBuildFile; fileRef = 87E3BB1926B1AA67000901FF /* LearningStep.swift */; };
		87E3BB1C26B1AA6E000901FF /* LapseStep.swift in Sources */ = {isa = PBXBuildFile; fileRef = 87E3BB1B26B1AA6E000901FF /* LapseStep.swift */; };
		87E3BB1E26B1B797000901FF /* IntervalModifier.swift in Sources */ = {isa = PBXBuildFile; fileRef = 87E3BB1D26B1B797000901FF /* IntervalModifier.swift */; };
/* End PBXBuildFile section */

/* Begin PBXContainerItemProxy section */
		87541C65265CDF04009E805D /* PBXContainerItemProxy */ = {
			isa = PBXContainerItemProxy;
			containerPortal = 87541C4B265CDF03009E805D /* Project object */;
			proxyType = 1;
			remoteGlobalIDString = 87541C52265CDF03009E805D;
			remoteInfo = SRL;
		};
		87541C70265CDF04009E805D /* PBXContainerItemProxy */ = {
			isa = PBXContainerItemProxy;
			containerPortal = 87541C4B265CDF03009E805D /* Project object */;
			proxyType = 1;
			remoteGlobalIDString = 87541C52265CDF03009E805D;
			remoteInfo = SRL;
		};
/* End PBXContainerItemProxy section */

/* Begin PBXFileReference section */
		8701854426AF10CA00781CCF /* ImagePicker.swift */ = {isa = PBXFileReference; lastKnownFileType = sourcecode.swift; path = ImagePicker.swift; sourceTree = "<group>"; };
		8701854726AF1F3E00781CCF /* ImageEncoder.swift */ = {isa = PBXFileReference; lastKnownFileType = sourcecode.swift; path = ImageEncoder.swift; sourceTree = "<group>"; };
		8703B9B626B64B83007572B6 /* ReviewTypes.swift */ = {isa = PBXFileReference; lastKnownFileType = sourcecode.swift; path = ReviewTypes.swift; sourceTree = "<group>"; };
		870F473526B512DC00BCEEC9 /* NotificationService.swift */ = {isa = PBXFileReference; lastKnownFileType = sourcecode.swift; path = NotificationService.swift; sourceTree = "<group>"; };
		870F473A26B51A0900BCEEC9 /* ManageNotifications.swift */ = {isa = PBXFileReference; lastKnownFileType = sourcecode.swift; path = ManageNotifications.swift; sourceTree = "<group>"; };
		870F473C26B51B1700BCEEC9 /* NotificationForm.swift */ = {isa = PBXFileReference; lastKnownFileType = sourcecode.swift; path = NotificationForm.swift; sourceTree = "<group>"; };
		870F473E26B51DDE00BCEEC9 /* NotificationViewModel.swift */ = {isa = PBXFileReference; lastKnownFileType = sourcecode.swift; path = NotificationViewModel.swift; sourceTree = "<group>"; };
		870F474426B523C700BCEEC9 /* DemoNotification.swift */ = {isa = PBXFileReference; lastKnownFileType = sourcecode.swift; path = DemoNotification.swift; sourceTree = "<group>"; };
		870F474626B5268200BCEEC9 /* Notification.swift */ = {isa = PBXFileReference; lastKnownFileType = sourcecode.swift; path = Notification.swift; sourceTree = "<group>"; };
		870F474826B52AD900BCEEC9 /* NotificationRepository.swift */ = {isa = PBXFileReference; lastKnownFileType = sourcecode.swift; path = NotificationRepository.swift; sourceTree = "<group>"; };
		870F474C26B52B1800BCEEC9 /* NotificationType.swift */ = {isa = PBXFileReference; lastKnownFileType = sourcecode.swift; path = NotificationType.swift; sourceTree = "<group>"; };
		870F474F26B52D1100BCEEC9 /* NotificationLauncherService.swift */ = {isa = PBXFileReference; lastKnownFileType = sourcecode.swift; path = NotificationLauncherService.swift; sourceTree = "<group>"; };
		870F475126B52FC800BCEEC9 /* NotificationUserDefaultsRepository.swift */ = {isa = PBXFileReference; lastKnownFileType = sourcecode.swift; path = NotificationUserDefaultsRepository.swift; sourceTree = "<group>"; };
		870F475326B543B400BCEEC9 /* Notifications.swift */ = {isa = PBXFileReference; lastKnownFileType = sourcecode.swift; path = Notifications.swift; sourceTree = "<group>"; };
		871957C72660EAA800AA06CC /* SchedulerLearningTest.swift */ = {isa = PBXFileReference; lastKnownFileType = sourcecode.swift; path = SchedulerLearningTest.swift; sourceTree = "<group>"; };
		871957CC2660EF0B00AA06CC /* SchedulerReviewingTest.swift */ = {isa = PBXFileReference; lastKnownFileType = sourcecode.swift; path = SchedulerReviewingTest.swift; sourceTree = "<group>"; };
		871957CE2660EF2200AA06CC /* SchedulerLapsingTest.swift */ = {isa = PBXFileReference; lastKnownFileType = sourcecode.swift; path = SchedulerLapsingTest.swift; sourceTree = "<group>"; };
		871957D02660F43E00AA06CC /* SchedulerFunctionalityTest.swift */ = {isa = PBXFileReference; lastKnownFileType = sourcecode.swift; path = SchedulerFunctionalityTest.swift; sourceTree = "<group>"; };
		871F1186268ED0C400BF9A51 /* DeckService.swift */ = {isa = PBXFileReference; lastKnownFileType = sourcecode.swift; path = DeckService.swift; sourceTree = "<group>"; };
		871F1191268ED10E00BF9A51 /* ReviewQueue.swift */ = {isa = PBXFileReference; lastKnownFileType = sourcecode.swift; path = ReviewQueue.swift; sourceTree = "<group>"; };
		871F11A5268F05C200BF9A51 /* SchedulePresetService.swift */ = {isa = PBXFileReference; lastKnownFileType = sourcecode.swift; path = SchedulePresetService.swift; sourceTree = "<group>"; };
		871F11A7268F05CD00BF9A51 /* SchedulePreset.swift */ = {isa = PBXFileReference; lastKnownFileType = sourcecode.swift; path = SchedulePreset.swift; sourceTree = "<group>"; };
		871F11AC268F09E300BF9A51 /* SchedulePresetUserDefaultsRepository.swift */ = {isa = PBXFileReference; lastKnownFileType = sourcecode.swift; path = SchedulePresetUserDefaultsRepository.swift; sourceTree = "<group>"; };
		871F11AF268F217700BF9A51 /* SchedulePresetFactory.swift */ = {isa = PBXFileReference; lastKnownFileType = sourcecode.swift; path = SchedulePresetFactory.swift; sourceTree = "<group>"; };
		871F11B1268F245F00BF9A51 /* SchedulePresetException.swift */ = {isa = PBXFileReference; lastKnownFileType = sourcecode.swift; path = SchedulePresetException.swift; sourceTree = "<group>"; };
		871F75AB26A14019006431B8 /* SchedulerAssember.swift */ = {isa = PBXFileReference; lastKnownFileType = sourcecode.swift; path = SchedulerAssember.swift; sourceTree = "<group>"; };
		871F75AD26A14379006431B8 /* CardAssembler.swift */ = {isa = PBXFileReference; lastKnownFileType = sourcecode.swift; path = CardAssembler.swift; sourceTree = "<group>"; };
		871F75AF26A148EB006431B8 /* DeckAssembler.swift */ = {isa = PBXFileReference; lastKnownFileType = sourcecode.swift; path = DeckAssembler.swift; sourceTree = "<group>"; };
		872ADF2D2692DDF6007C601A /* DeckForm.swift */ = {isa = PBXFileReference; lastKnownFileType = sourcecode.swift; path = DeckForm.swift; sourceTree = "<group>"; };
		873259B226A9EE2E00F3178F /* CardContentTypeContainer.swift */ = {isa = PBXFileReference; lastKnownFileType = sourcecode.swift; path = CardContentTypeContainer.swift; sourceTree = "<group>"; };
		873259B526A9FA6200F3178F /* EditCardViewModel.swift */ = {isa = PBXFileReference; lastKnownFileType = sourcecode.swift; path = EditCardViewModel.swift; sourceTree = "<group>"; };
		873B913626B436BE00456D0E /* CardTypePicker.swift */ = {isa = PBXFileReference; lastKnownFileType = sourcecode.swift; path = CardTypePicker.swift; sourceTree = "<group>"; };
		873B913A26B4374200456D0E /* CardSchedulePresetPicker.swift */ = {isa = PBXFileReference; lastKnownFileType = sourcecode.swift; path = CardSchedulePresetPicker.swift; sourceTree = "<group>"; };
		873B913C26B437E000456D0E /* EditCard.swift */ = {isa = PBXFileReference; lastKnownFileType = sourcecode.swift; path = EditCard.swift; sourceTree = "<group>"; };
		873B913E26B4389D00456D0E /* CardFormContentListing.swift */ = {isa = PBXFileReference; lastKnownFileType = sourcecode.swift; path = CardFormContentListing.swift; sourceTree = "<group>"; };
		873B914026B441C500456D0E /* CardDeckPicker.swift */ = {isa = PBXFileReference; lastKnownFileType = sourcecode.swift; path = CardDeckPicker.swift; sourceTree = "<group>"; };
		873B914226B4517900456D0E /* ExtensionEaseFactor.swift */ = {isa = PBXFileReference; lastKnownFileType = sourcecode.swift; path = ExtensionEaseFactor.swift; sourceTree = "<group>"; };
		873D4F912690D0D700A4F128 /* BottomSheet.swift */ = {isa = PBXFileReference; fileEncoding = 4; lastKnownFileType = sourcecode.swift; path = BottomSheet.swift; sourceTree = "<group>"; };
		873D4F922690D0D700A4F128 /* ViewExtension.swift */ = {isa = PBXFileReference; fileEncoding = 4; lastKnownFileType = sourcecode.swift; path = ViewExtension.swift; sourceTree = "<group>"; };
		873D4F932690D0D700A4F128 /* BottomSheetView.swift */ = {isa = PBXFileReference; fileEncoding = 4; lastKnownFileType = sourcecode.swift; path = BottomSheetView.swift; sourceTree = "<group>"; };
		873D4F942690D0D700A4F128 /* BottomSheetPosition.swift */ = {isa = PBXFileReference; fileEncoding = 4; lastKnownFileType = sourcecode.swift; path = BottomSheetPosition.swift; sourceTree = "<group>"; };
		873D4F9A2690D0E500A4F128 /* EffectView.swift */ = {isa = PBXFileReference; fileEncoding = 4; lastKnownFileType = sourcecode.swift; path = EffectView.swift; sourceTree = "<group>"; };
		873D4F9B2690D0E500A4F128 /* RoundedCorner.swift */ = {isa = PBXFileReference; fileEncoding = 4; lastKnownFileType = sourcecode.swift; path = RoundedCorner.swift; sourceTree = "<group>"; };
		8745A6C626AAE5CB00529587 /* CardContent.swift */ = {isa = PBXFileReference; lastKnownFileType = sourcecode.swift; path = CardContent.swift; sourceTree = "<group>"; };
		8750A3C826919C2A00837E24 /* CustomStudyView.swift */ = {isa = PBXFileReference; lastKnownFileType = sourcecode.swift; path = CustomStudyView.swift; sourceTree = "<group>"; };
		8750A3CA2691B92800837E24 /* PresetViewModel.swift */ = {isa = PBXFileReference; lastKnownFileType = sourcecode.swift; path = PresetViewModel.swift; sourceTree = "<group>"; };
		8750A3CE2691E97A00837E24 /* DeleteDeckBottomSheet.swift */ = {isa = PBXFileReference; lastKnownFileType = sourcecode.swift; path = DeleteDeckBottomSheet.swift; sourceTree = "<group>"; };
		875392B526AA8348008CFCC4 /* CreateCardViewModel.swift */ = {isa = PBXFileReference; lastKnownFileType = sourcecode.swift; path = CreateCardViewModel.swift; sourceTree = "<group>"; };
		875392B826AA9E37008CFCC4 /* ContentTypeMapper.swift */ = {isa = PBXFileReference; lastKnownFileType = sourcecode.swift; path = ContentTypeMapper.swift; sourceTree = "<group>"; };
		87541C53265CDF03009E805D /* SRL.app */ = {isa = PBXFileReference; explicitFileType = wrapper.application; includeInIndex = 0; path = SRL.app; sourceTree = BUILT_PRODUCTS_DIR; };
		87541C56265CDF03009E805D /* SRLApp.swift */ = {isa = PBXFileReference; lastKnownFileType = sourcecode.swift; path = SRLApp.swift; sourceTree = "<group>"; };
		87541C5A265CDF04009E805D /* Assets.xcassets */ = {isa = PBXFileReference; lastKnownFileType = folder.assetcatalog; path = Assets.xcassets; sourceTree = "<group>"; };
		87541C5D265CDF04009E805D /* Preview Assets.xcassets */ = {isa = PBXFileReference; lastKnownFileType = folder.assetcatalog; path = "Preview Assets.xcassets"; sourceTree = "<group>"; };
		87541C5F265CDF04009E805D /* Info.plist */ = {isa = PBXFileReference; lastKnownFileType = text.plist.xml; path = Info.plist; sourceTree = "<group>"; };
		87541C64265CDF04009E805D /* SRLTests.xctest */ = {isa = PBXFileReference; explicitFileType = wrapper.cfbundle; includeInIndex = 0; path = SRLTests.xctest; sourceTree = BUILT_PRODUCTS_DIR; };
		87541C68265CDF04009E805D /* SRLTests.swift */ = {isa = PBXFileReference; lastKnownFileType = sourcecode.swift; path = SRLTests.swift; sourceTree = "<group>"; };
		87541C6A265CDF04009E805D /* Info.plist */ = {isa = PBXFileReference; lastKnownFileType = text.plist.xml; path = Info.plist; sourceTree = "<group>"; };
		87541C6F265CDF04009E805D /* SRLUITests.xctest */ = {isa = PBXFileReference; explicitFileType = wrapper.cfbundle; includeInIndex = 0; path = SRLUITests.xctest; sourceTree = BUILT_PRODUCTS_DIR; };
		87541C73265CDF04009E805D /* SRLUITests.swift */ = {isa = PBXFileReference; lastKnownFileType = sourcecode.swift; path = SRLUITests.swift; sourceTree = "<group>"; };
		87541C75265CDF04009E805D /* Info.plist */ = {isa = PBXFileReference; lastKnownFileType = text.plist.xml; path = Info.plist; sourceTree = "<group>"; };
		87541C8A265CE2AD009E805D /* Deck.swift */ = {isa = PBXFileReference; lastKnownFileType = sourcecode.swift; path = Deck.swift; sourceTree = "<group>"; };
		87541C8E265CE2C8009E805D /* Scheduler.swift */ = {isa = PBXFileReference; lastKnownFileType = sourcecode.swift; path = Scheduler.swift; sourceTree = "<group>"; };
		87541C94265CF1E4009E805D /* ReviewAction.swift */ = {isa = PBXFileReference; lastKnownFileType = sourcecode.swift; path = ReviewAction.swift; sourceTree = "<group>"; };
		87541C9F265D5646009E805D /* DeckViewModel.swift */ = {isa = PBXFileReference; lastKnownFileType = sourcecode.swift; path = DeckViewModel.swift; sourceTree = "<group>"; };
		8757BBB626AD384B00B6C7B1 /* ReviewQueueInternalInitializationTest.swift */ = {isa = PBXFileReference; lastKnownFileType = sourcecode.swift; path = ReviewQueueInternalInitializationTest.swift; sourceTree = "<group>"; };
		8757BBBC26AD418200B6C7B1 /* TestCoreCardBuilder.swift */ = {isa = PBXFileReference; lastKnownFileType = sourcecode.swift; path = TestCoreCardBuilder.swift; sourceTree = "<group>"; };
		8757BBC426AD94C500B6C7B1 /* SchedulerException.swift */ = {isa = PBXFileReference; lastKnownFileType = sourcecode.swift; path = SchedulerException.swift; sourceTree = "<group>"; };
		8757BBC826ADD87800B6C7B1 /* CustomStudyViewModel.swift */ = {isa = PBXFileReference; lastKnownFileType = sourcecode.swift; path = CustomStudyViewModel.swift; sourceTree = "<group>"; };
		8762CFF126ABEBC500CBEA2F /* CardDeletionService.swift */ = {isa = PBXFileReference; lastKnownFileType = sourcecode.swift; path = CardDeletionService.swift; sourceTree = "<group>"; };
		876840BC26AB0EB6008384B3 /* CardCreationService.swift */ = {isa = PBXFileReference; lastKnownFileType = sourcecode.swift; path = CardCreationService.swift; sourceTree = "<group>"; };
		876840BE26AB1118008384B3 /* DeckException.swift */ = {isa = PBXFileReference; lastKnownFileType = sourcecode.swift; path = DeckException.swift; sourceTree = "<group>"; };
		876840C026AB12AF008384B3 /* CardBrowseView.swift */ = {isa = PBXFileReference; lastKnownFileType = sourcecode.swift; path = CardBrowseView.swift; sourceTree = "<group>"; };
		876840C426AB18C4008384B3 /* CardPreview.swift */ = {isa = PBXFileReference; lastKnownFileType = sourcecode.swift; path = CardPreview.swift; sourceTree = "<group>"; };
		8772F2A626B2A8A0008795AB /* PresetInputForm.swift */ = {isa = PBXFileReference; lastKnownFileType = sourcecode.swift; path = PresetInputForm.swift; sourceTree = "<group>"; };
		8772F2A826B2B120008795AB /* TestResetPersistentData.swift */ = {isa = PBXFileReference; lastKnownFileType = sourcecode.swift; path = TestResetPersistentData.swift; sourceTree = "<group>"; };
		8773256326A9ACC400CAD727 /* AbstractCardViewModel.swift */ = {isa = PBXFileReference; lastKnownFileType = sourcecode.swift; path = AbstractCardViewModel.swift; sourceTree = "<group>"; };
		8773256726A9B3D700CAD727 /* CardTypeMapper.swift */ = {isa = PBXFileReference; lastKnownFileType = sourcecode.swift; path = CardTypeMapper.swift; sourceTree = "<group>"; };
		877B155D26B150D7009FF1CC /* LearningSteps.swift */ = {isa = PBXFileReference; lastKnownFileType = sourcecode.swift; path = LearningSteps.swift; sourceTree = "<group>"; };
		877B156126B152BB009FF1CC /* InputValidation.swift */ = {isa = PBXFileReference; lastKnownFileType = sourcecode.swift; path = InputValidation.swift; sourceTree = "<group>"; };
		877B156326B156B2009FF1CC /* LapseSteps.swift */ = {isa = PBXFileReference; lastKnownFileType = sourcecode.swift; path = LapseSteps.swift; sourceTree = "<group>"; };
		877B156526B15C1F009FF1CC /* EasyIntervalModifier.swift */ = {isa = PBXFileReference; lastKnownFileType = sourcecode.swift; path = EasyIntervalModifier.swift; sourceTree = "<group>"; };
		877B156726B1617D009FF1CC /* OutputRangeBuilder.swift */ = {isa = PBXFileReference; lastKnownFileType = sourcecode.swift; path = OutputRangeBuilder.swift; sourceTree = "<group>"; };
		877B156926B1636A009FF1CC /* EaseFactor.swift */ = {isa = PBXFileReference; lastKnownFileType = sourcecode.swift; path = EaseFactor.swift; sourceTree = "<group>"; };
		877B156B26B1684C009FF1CC /* EasyFactorModifier.swift */ = {isa = PBXFileReference; lastKnownFileType = sourcecode.swift; path = EasyFactorModifier.swift; sourceTree = "<group>"; };
		877B156D26B168CA009FF1CC /* NormalFactorModifier.swift */ = {isa = PBXFileReference; lastKnownFileType = sourcecode.swift; path = NormalFactorModifier.swift; sourceTree = "<group>"; };
		877B156F26B168F7009FF1CC /* HardFactorModifier.swift */ = {isa = PBXFileReference; lastKnownFileType = sourcecode.swift; path = HardFactorModifier.swift; sourceTree = "<group>"; };
		877B157126B16933009FF1CC /* LapseFactorModifier.swift */ = {isa = PBXFileReference; lastKnownFileType = sourcecode.swift; path = LapseFactorModifier.swift; sourceTree = "<group>"; };
		877B157326B16966009FF1CC /* MinimumInterval.swift */ = {isa = PBXFileReference; lastKnownFileType = sourcecode.swift; path = MinimumInterval.swift; sourceTree = "<group>"; };
		877B157526B1699C009FF1CC /* LapseSetbackFactor.swift */ = {isa = PBXFileReference; lastKnownFileType = sourcecode.swift; path = LapseSetbackFactor.swift; sourceTree = "<group>"; };
		877B157726B169AF009FF1CC /* GraduationInterval.swift */ = {isa = PBXFileReference; lastKnownFileType = sourcecode.swift; path = GraduationInterval.swift; sourceTree = "<group>"; };
		877B157926B16A13009FF1CC /* MatureInterval.swift */ = {isa = PBXFileReference; lastKnownFileType = sourcecode.swift; path = MatureInterval.swift; sourceTree = "<group>"; };
		877BF8C7269216AA00710AD2 /* Presets.swift */ = {isa = PBXFileReference; lastKnownFileType = sourcecode.swift; path = Presets.swift; sourceTree = "<group>"; };
		877BF8CA26921AF800710AD2 /* EditPreset.swift */ = {isa = PBXFileReference; lastKnownFileType = sourcecode.swift; path = EditPreset.swift; sourceTree = "<group>"; };
		877BF8CC26921CC300710AD2 /* NewPreset.swift */ = {isa = PBXFileReference; lastKnownFileType = sourcecode.swift; path = NewPreset.swift; sourceTree = "<group>"; };
		8783F50626AEAD480079BA07 /* ReviewQueueRepository.swift */ = {isa = PBXFileReference; lastKnownFileType = sourcecode.swift; path = ReviewQueueRepository.swift; sourceTree = "<group>"; };
		8783F50826AEB3320079BA07 /* ReviewQueueException.swift */ = {isa = PBXFileReference; lastKnownFileType = sourcecode.swift; path = ReviewQueueException.swift; sourceTree = "<group>"; };
		878ABC8D26AFD5F90031AB39 /* PresetEditorViewModel.swift */ = {isa = PBXFileReference; lastKnownFileType = sourcecode.swift; path = PresetEditorViewModel.swift; sourceTree = "<group>"; };
		878ABC9126AFD8360031AB39 /* ExtensionSchedulePresetExceptions.swift */ = {isa = PBXFileReference; lastKnownFileType = sourcecode.swift; path = ExtensionSchedulePresetExceptions.swift; sourceTree = "<group>"; };
		87946B68268F996600CEAA98 /* SchedulePresetRepository.swift */ = {isa = PBXFileReference; lastKnownFileType = sourcecode.swift; path = SchedulePresetRepository.swift; sourceTree = "<group>"; };
		8795D2122663E135007C99D9 /* DeckListView.swift */ = {isa = PBXFileReference; lastKnownFileType = sourcecode.swift; path = DeckListView.swift; sourceTree = "<group>"; };
		8795D2142663E175007C99D9 /* DeckView.swift */ = {isa = PBXFileReference; lastKnownFileType = sourcecode.swift; path = DeckView.swift; sourceTree = "<group>"; };
		87A110C9265ED23A00F0D4B6 /* LearningState.swift */ = {isa = PBXFileReference; lastKnownFileType = sourcecode.swift; path = LearningState.swift; sourceTree = "<group>"; };
		87B480AB26901F7B00887C6A /* DeckRepository.swift */ = {isa = PBXFileReference; lastKnownFileType = sourcecode.swift; path = DeckRepository.swift; sourceTree = "<group>"; };
		87B480AD2690221300887C6A /* DeckUserDefaultsRepository.swift */ = {isa = PBXFileReference; lastKnownFileType = sourcecode.swift; path = DeckUserDefaultsRepository.swift; sourceTree = "<group>"; };
		87B480BA269064B000887C6A /* CardType.swift */ = {isa = PBXFileReference; lastKnownFileType = sourcecode.swift; path = CardType.swift; sourceTree = "<group>"; };
		87B480BC269064F600887C6A /* CardContentType.swift */ = {isa = PBXFileReference; lastKnownFileType = sourcecode.swift; path = CardContentType.swift; sourceTree = "<group>"; };
		87B480BE2690669C00887C6A /* DefaultCard.swift */ = {isa = PBXFileReference; lastKnownFileType = sourcecode.swift; path = DefaultCard.swift; sourceTree = "<group>"; };
		87B480C0269066A200887C6A /* TypingCard.swift */ = {isa = PBXFileReference; lastKnownFileType = sourcecode.swift; path = TypingCard.swift; sourceTree = "<group>"; };
		87B480C326906B9300887C6A /* Card.swift */ = {isa = PBXFileReference; fileEncoding = 4; lastKnownFileType = sourcecode.swift; path = Card.swift; sourceTree = "<group>"; };
		87B480C626906DF200887C6A /* TextContent.swift */ = {isa = PBXFileReference; lastKnownFileType = sourcecode.swift; path = TextContent.swift; sourceTree = "<group>"; };
		87B480C826906DF800887C6A /* ImageContent.swift */ = {isa = PBXFileReference; lastKnownFileType = sourcecode.swift; path = ImageContent.swift; sourceTree = "<group>"; };
		87B480CA26906E8600887C6A /* TypingContent.swift */ = {isa = PBXFileReference; lastKnownFileType = sourcecode.swift; path = TypingContent.swift; sourceTree = "<group>"; };
		87BAFEB7269D8F9D003B3C71 /* ReviewType.swift */ = {isa = PBXFileReference; lastKnownFileType = sourcecode.swift; path = ReviewType.swift; sourceTree = "<group>"; };
		87BAFEBF269DD9A0003B3C71 /* ReviewQueueService.swift */ = {isa = PBXFileReference; lastKnownFileType = sourcecode.swift; path = ReviewQueueService.swift; sourceTree = "<group>"; };
		87BF1D7226B3AE7E00230F97 /* NewDeck.swift */ = {isa = PBXFileReference; lastKnownFileType = sourcecode.swift; path = NewDeck.swift; sourceTree = "<group>"; };
		87BF1D7426B3B16D00230F97 /* EditDeck.swift */ = {isa = PBXFileReference; lastKnownFileType = sourcecode.swift; path = EditDeck.swift; sourceTree = "<group>"; };
		87BF1D7C26B3BFC800230F97 /* ReviewDefaultCard.swift */ = {isa = PBXFileReference; lastKnownFileType = sourcecode.swift; path = ReviewDefaultCard.swift; sourceTree = "<group>"; };
		87BF1D7E26B3BFD800230F97 /* ReviewFooter.swift */ = {isa = PBXFileReference; lastKnownFileType = sourcecode.swift; path = ReviewFooter.swift; sourceTree = "<group>"; };
		87BF1D8026B3CE4000230F97 /* ReviewTypingCard.swift */ = {isa = PBXFileReference; lastKnownFileType = sourcecode.swift; path = ReviewTypingCard.swift; sourceTree = "<group>"; };
		87BF1D8326B3EB2400230F97 /* ExtensionLearningState.swift */ = {isa = PBXFileReference; lastKnownFileType = sourcecode.swift; path = ExtensionLearningState.swift; sourceTree = "<group>"; };
		87BF1D8526B3EC8900230F97 /* ExtensionDefaultCard.swift */ = {isa = PBXFileReference; lastKnownFileType = sourcecode.swift; path = ExtensionDefaultCard.swift; sourceTree = "<group>"; };
		87BF1D8726B3ED9100230F97 /* ExtensionReviewDate.swift */ = {isa = PBXFileReference; lastKnownFileType = sourcecode.swift; path = ExtensionReviewDate.swift; sourceTree = "<group>"; };
		87BF1D8926B3EEDD00230F97 /* ExtensionReviewInterval.swift */ = {isa = PBXFileReference; lastKnownFileType = sourcecode.swift; path = ExtensionReviewInterval.swift; sourceTree = "<group>"; };
		87BF1D8B26B3EFCA00230F97 /* ExtensionTimeInterval.swift */ = {isa = PBXFileReference; lastKnownFileType = sourcecode.swift; path = ExtensionTimeInterval.swift; sourceTree = "<group>"; };
		87BF1D8D26B3F34C00230F97 /* CardContentForm.swift */ = {isa = PBXFileReference; lastKnownFileType = sourcecode.swift; path = CardContentForm.swift; sourceTree = "<group>"; };
		87BF1D8F26B3FC1400230F97 /* NewCard.swift */ = {isa = PBXFileReference; lastKnownFileType = sourcecode.swift; path = NewCard.swift; sourceTree = "<group>"; };
		87BF1D9226B413D900230F97 /* CardContentPicker.swift */ = {isa = PBXFileReference; lastKnownFileType = sourcecode.swift; path = CardContentPicker.swift; sourceTree = "<group>"; };
		87C07D0B26B188D90077A540 /* FactorModifier.swift */ = {isa = PBXFileReference; lastKnownFileType = sourcecode.swift; path = FactorModifier.swift; sourceTree = "<group>"; };
		87C4971126AC33DB0015823E /* ReviewView.swift */ = {isa = PBXFileReference; lastKnownFileType = sourcecode.swift; path = ReviewView.swift; sourceTree = "<group>"; };
		87C4971326AC33E50015823E /* ReviewViewModel.swift */ = {isa = PBXFileReference; lastKnownFileType = sourcecode.swift; path = ReviewViewModel.swift; sourceTree = "<group>"; };
		87C4971726AC791D0015823E /* CardException.swift */ = {isa = PBXFileReference; lastKnownFileType = sourcecode.swift; path = CardException.swift; sourceTree = "<group>"; };
		87C634302663E88F008194B6 /* StoreViewModel.swift */ = {isa = PBXFileReference; lastKnownFileType = sourcecode.swift; path = StoreViewModel.swift; sourceTree = "<group>"; };
		87D3D05D2669FC6900D2B4DB /* ListRowHorizontalSeparated.swift */ = {isa = PBXFileReference; lastKnownFileType = sourcecode.swift; path = ListRowHorizontalSeparated.swift; sourceTree = "<group>"; };
		87DA6846269CB93E003F07A8 /* SchedulerRepository.swift */ = {isa = PBXFileReference; lastKnownFileType = sourcecode.swift; path = SchedulerRepository.swift; sourceTree = "<group>"; };
		87DA6848269CB95B003F07A8 /* SchedulerUserDefaultsRepository.swift */ = {isa = PBXFileReference; lastKnownFileType = sourcecode.swift; path = SchedulerUserDefaultsRepository.swift; sourceTree = "<group>"; };
		87DA684A269CB968003F07A8 /* SchedulerService.swift */ = {isa = PBXFileReference; lastKnownFileType = sourcecode.swift; path = SchedulerService.swift; sourceTree = "<group>"; };
		87DA684C269CB976003F07A8 /* CardService.swift */ = {isa = PBXFileReference; lastKnownFileType = sourcecode.swift; path = CardService.swift; sourceTree = "<group>"; };
		87DA684E269CB983003F07A8 /* CardRepository.swift */ = {isa = PBXFileReference; lastKnownFileType = sourcecode.swift; path = CardRepository.swift; sourceTree = "<group>"; };
		87DA6850269CB98D003F07A8 /* CardUserDefaultsRepository.swift */ = {isa = PBXFileReference; lastKnownFileType = sourcecode.swift; path = CardUserDefaultsRepository.swift; sourceTree = "<group>"; };
		87E3BB1326B1A04D000901FF /* FactorModifierException.swift */ = {isa = PBXFileReference; lastKnownFileType = sourcecode.swift; path = FactorModifierException.swift; sourceTree = "<group>"; };
		87E3BB1526B1A75D000901FF /* ReviewInterval.swift */ = {isa = PBXFileReference; lastKnownFileType = sourcecode.swift; path = ReviewInterval.swift; sourceTree = "<group>"; };
		87E3BB1726B1A886000901FF /* ReviewDate.swift */ = {isa = PBXFileReference; lastKnownFileType = sourcecode.swift; path = ReviewDate.swift; sourceTree = "<group>"; };
		87E3BB1926B1AA67000901FF /* LearningStep.swift */ = {isa = PBXFileReference; lastKnownFileType = sourcecode.swift; path = LearningStep.swift; sourceTree = "<group>"; };
		87E3BB1B26B1AA6E000901FF /* LapseStep.swift */ = {isa = PBXFileReference; lastKnownFileType = sourcecode.swift; path = LapseStep.swift; sourceTree = "<group>"; };
		87E3BB1D26B1B797000901FF /* IntervalModifier.swift */ = {isa = PBXFileReference; lastKnownFileType = sourcecode.swift; path = IntervalModifier.swift; sourceTree = "<group>"; };
/* End PBXFileReference section */

/* Begin PBXFrameworksBuildPhase section */
		87541C50265CDF03009E805D /* Frameworks */ = {
			isa = PBXFrameworksBuildPhase;
			buildActionMask = 2147483647;
			files = (
			);
			runOnlyForDeploymentPostprocessing = 0;
		};
		87541C61265CDF04009E805D /* Frameworks */ = {
			isa = PBXFrameworksBuildPhase;
			buildActionMask = 2147483647;
			files = (
			);
			runOnlyForDeploymentPostprocessing = 0;
		};
		87541C6C265CDF04009E805D /* Frameworks */ = {
			isa = PBXFrameworksBuildPhase;
			buildActionMask = 2147483647;
			files = (
			);
			runOnlyForDeploymentPostprocessing = 0;
		};
/* End PBXFrameworksBuildPhase section */

/* Begin PBXGroup section */
		8701854626AF1F2E00781CCF /* DomainPrimitives */ = {
			isa = PBXGroup;
			children = (
				8701854726AF1F3E00781CCF /* ImageEncoder.swift */,
				877B156726B1617D009FF1CC /* OutputRangeBuilder.swift */,
				877B156126B152BB009FF1CC /* InputValidation.swift */,
			);
			path = DomainPrimitives;
			sourceTree = "<group>";
		};
		870F473926B519F100BCEEC9 /* Notifications */ = {
			isa = PBXGroup;
			children = (
				870F473E26B51DDE00BCEEC9 /* NotificationViewModel.swift */,
			);
			path = Notifications;
			sourceTree = "<group>";
		};
		870F474226B522D600BCEEC9 /* View Extensions */ = {
			isa = PBXGroup;
			children = (
				87BF1D8326B3EB2400230F97 /* ExtensionLearningState.swift */,
				878ABC9126AFD8360031AB39 /* ExtensionSchedulePresetExceptions.swift */,
				87BF1D8526B3EC8900230F97 /* ExtensionDefaultCard.swift */,
				87BF1D8726B3ED9100230F97 /* ExtensionReviewDate.swift */,
				87BF1D8926B3EEDD00230F97 /* ExtensionReviewInterval.swift */,
				87BF1D8B26B3EFCA00230F97 /* ExtensionTimeInterval.swift */,
				873B914226B4517900456D0E /* ExtensionEaseFactor.swift */,
			);
			path = "View Extensions";
			sourceTree = "<group>";
		};
		870F474326B522F600BCEEC9 /* View Type Mapper */ = {
			isa = PBXGroup;
			children = (
				8773256726A9B3D700CAD727 /* CardTypeMapper.swift */,
				875392B826AA9E37008CFCC4 /* ContentTypeMapper.swift */,
			);
			path = "View Type Mapper";
			sourceTree = "<group>";
		};
		870F474E26B52C2100BCEEC9 /* Notifications */ = {
			isa = PBXGroup;
			children = (
				870F473C26B51B1700BCEEC9 /* NotificationForm.swift */,
			);
			path = Notifications;
			sourceTree = "<group>";
		};
		871F117F268ECF5D00BF9A51 /* Deck */ = {
			isa = PBXGroup;
			children = (
				871F1180268ECF7E00BF9A51 /* Application */,
				871F1181268ECF8600BF9A51 /* Domain */,
				871F1182268ECF8D00BF9A51 /* Repository */,
			);
			path = Deck;
			sourceTree = "<group>";
		};
		871F1180268ECF7E00BF9A51 /* Application */ = {
			isa = PBXGroup;
			children = (
				871F1186268ED0C400BF9A51 /* DeckService.swift */,
				876840BE26AB1118008384B3 /* DeckException.swift */,
			);
			path = Application;
			sourceTree = "<group>";
		};
		871F1181268ECF8600BF9A51 /* Domain */ = {
			isa = PBXGroup;
			children = (
				87541C8A265CE2AD009E805D /* Deck.swift */,
			);
			path = Domain;
			sourceTree = "<group>";
		};
		871F1182268ECF8D00BF9A51 /* Repository */ = {
			isa = PBXGroup;
			children = (
				87B480AB26901F7B00887C6A /* DeckRepository.swift */,
				87B480AD2690221300887C6A /* DeckUserDefaultsRepository.swift */,
				871F75AF26A148EB006431B8 /* DeckAssembler.swift */,
			);
			path = Repository;
			sourceTree = "<group>";
		};
		871F11A1268F04C400BF9A51 /* SchedulePreset */ = {
			isa = PBXGroup;
			children = (
				871F11A2268F04D100BF9A51 /* Application */,
				871F11A3268F04DC00BF9A51 /* Domain */,
				871F11AE268F216300BF9A51 /* Factory */,
				871F11A4268F04E700BF9A51 /* Repository */,
			);
			path = SchedulePreset;
			sourceTree = "<group>";
		};
		871F11A2268F04D100BF9A51 /* Application */ = {
			isa = PBXGroup;
			children = (
				871F11A5268F05C200BF9A51 /* SchedulePresetService.swift */,
				871F11B1268F245F00BF9A51 /* SchedulePresetException.swift */,
			);
			path = Application;
			sourceTree = "<group>";
		};
		871F11A3268F04DC00BF9A51 /* Domain */ = {
			isa = PBXGroup;
			children = (
				871F11A7268F05CD00BF9A51 /* SchedulePreset.swift */,
				877B157926B16A13009FF1CC /* MatureInterval.swift */,
				877B155D26B150D7009FF1CC /* LearningSteps.swift */,
				877B157726B169AF009FF1CC /* GraduationInterval.swift */,
				877B156326B156B2009FF1CC /* LapseSteps.swift */,
				877B157526B1699C009FF1CC /* LapseSetbackFactor.swift */,
				877B157326B16966009FF1CC /* MinimumInterval.swift */,
				877B156926B1636A009FF1CC /* EaseFactor.swift */,
				87C07D0B26B188D90077A540 /* FactorModifier.swift */,
				87E3BB1D26B1B797000901FF /* IntervalModifier.swift */,
				87E3BB1326B1A04D000901FF /* FactorModifierException.swift */,
				877B156B26B1684C009FF1CC /* EasyFactorModifier.swift */,
				877B156D26B168CA009FF1CC /* NormalFactorModifier.swift */,
				877B156F26B168F7009FF1CC /* HardFactorModifier.swift */,
				877B157126B16933009FF1CC /* LapseFactorModifier.swift */,
				877B156526B15C1F009FF1CC /* EasyIntervalModifier.swift */,
			);
			path = Domain;
			sourceTree = "<group>";
		};
		871F11A4268F04E700BF9A51 /* Repository */ = {
			isa = PBXGroup;
			children = (
				87946B68268F996600CEAA98 /* SchedulePresetRepository.swift */,
				871F11AC268F09E300BF9A51 /* SchedulePresetUserDefaultsRepository.swift */,
			);
			path = Repository;
			sourceTree = "<group>";
		};
		871F11AE268F216300BF9A51 /* Factory */ = {
			isa = PBXGroup;
			children = (
				871F11AF268F217700BF9A51 /* SchedulePresetFactory.swift */,
			);
			path = Factory;
			sourceTree = "<group>";
		};
		873259B426A9FA4B00F3178F /* Card */ = {
			isa = PBXGroup;
			children = (
				8773256326A9ACC400CAD727 /* AbstractCardViewModel.swift */,
				875392B526AA8348008CFCC4 /* CreateCardViewModel.swift */,
				873259B526A9FA6200F3178F /* EditCardViewModel.swift */,
			);
			path = Card;
			sourceTree = "<group>";
		};
		873259B726A9FB0200F3178F /* Deck */ = {
			isa = PBXGroup;
			children = (
				87C634302663E88F008194B6 /* StoreViewModel.swift */,
				87541C9F265D5646009E805D /* DeckViewModel.swift */,
			);
			path = Deck;
			sourceTree = "<group>";
		};
		873259B826A9FB0500F3178F /* SchedulePreset */ = {
			isa = PBXGroup;
			children = (
				8750A3CA2691B92800837E24 /* PresetViewModel.swift */,
				878ABC8D26AFD5F90031AB39 /* PresetEditorViewModel.swift */,
			);
			path = SchedulePreset;
			sourceTree = "<group>";
		};
		873D4F902690D0C700A4F128 /* BottomSheet */ = {
			isa = PBXGroup;
			children = (
				873D4F992690D0DB00A4F128 /* HelperViews */,
				873D4F912690D0D700A4F128 /* BottomSheet.swift */,
				873D4F942690D0D700A4F128 /* BottomSheetPosition.swift */,
				873D4F932690D0D700A4F128 /* BottomSheetView.swift */,
				873D4F922690D0D700A4F128 /* ViewExtension.swift */,
			);
			path = BottomSheet;
			sourceTree = "<group>";
		};
		873D4F992690D0DB00A4F128 /* HelperViews */ = {
			isa = PBXGroup;
			children = (
				873D4F9A2690D0E500A4F128 /* EffectView.swift */,
				873D4F9B2690D0E500A4F128 /* RoundedCorner.swift */,
			);
			path = HelperViews;
			sourceTree = "<group>";
		};
		8750A3D22691EA5800837E24 /* Deck */ = {
			isa = PBXGroup;
			children = (
				8795D2142663E175007C99D9 /* DeckView.swift */,
				87BF1D7426B3B16D00230F97 /* EditDeck.swift */,
				8750A3CE2691E97A00837E24 /* DeleteDeckBottomSheet.swift */,
			);
			path = Deck;
			sourceTree = "<group>";
		};
		8750A3D32691EA8600837E24 /* Generic Views */ = {
			isa = PBXGroup;
			children = (
				8701854426AF10CA00781CCF /* ImagePicker.swift */,
				87D3D05D2669FC6900D2B4DB /* ListRowHorizontalSeparated.swift */,
				873D4F902690D0C700A4F128 /* BottomSheet */,
			);
			path = "Generic Views";
			sourceTree = "<group>";
		};
		8750A3D42691EAF300837E24 /* DeckList */ = {
			isa = PBXGroup;
			children = (
				8795D2122663E135007C99D9 /* DeckListView.swift */,
				87BF1D7226B3AE7E00230F97 /* NewDeck.swift */,
				872ADF2D2692DDF6007C601A /* DeckForm.swift */,
				870F473A26B51A0900BCEEC9 /* ManageNotifications.swift */,
			);
			path = DeckList;
			sourceTree = "<group>";
		};
		875392B726AA9BE0008CFCC4 /* Review */ = {
			isa = PBXGroup;
			children = (
				87C4971326AC33E50015823E /* ReviewViewModel.swift */,
				8757BBC826ADD87800B6C7B1 /* CustomStudyViewModel.swift */,
			);
			path = Review;
			sourceTree = "<group>";
		};
		875392C026AAC8F6008CFCC4 /* Card Content */ = {
			isa = PBXGroup;
			children = (
				87BF1D8F26B3FC1400230F97 /* NewCard.swift */,
				873B913C26B437E000456D0E /* EditCard.swift */,
				873B913E26B4389D00456D0E /* CardFormContentListing.swift */,
				873B913626B436BE00456D0E /* CardTypePicker.swift */,
				873B913A26B4374200456D0E /* CardSchedulePresetPicker.swift */,
				873B914026B441C500456D0E /* CardDeckPicker.swift */,
				87BF1D9226B413D900230F97 /* CardContentPicker.swift */,
				87BF1D8D26B3F34C00230F97 /* CardContentForm.swift */,
				8745A6C626AAE5CB00529587 /* CardContent.swift */,
			);
			path = "Card Content";
			sourceTree = "<group>";
		};
		87541C4A265CDF03009E805D = {
			isa = PBXGroup;
			children = (
				87541C55265CDF03009E805D /* SRL */,
				87541C67265CDF04009E805D /* SRLTests */,
				87541C72265CDF04009E805D /* SRLUITests */,
				87541C54265CDF03009E805D /* Products */,
			);
			sourceTree = "<group>";
		};
		87541C54265CDF03009E805D /* Products */ = {
			isa = PBXGroup;
			children = (
				87541C53265CDF03009E805D /* SRL.app */,
				87541C64265CDF04009E805D /* SRLTests.xctest */,
				87541C6F265CDF04009E805D /* SRLUITests.xctest */,
			);
			name = Products;
			sourceTree = "<group>";
		};
		87541C55265CDF03009E805D /* SRL */ = {
			isa = PBXGroup;
			children = (
				87541C83265CE020009E805D /* Views */,
				87541C84265CE02B009E805D /* ViewModels */,
				87541C82265CE019009E805D /* Models */,
				87541C56265CDF03009E805D /* SRLApp.swift */,
				87541C5A265CDF04009E805D /* Assets.xcassets */,
				87541C5F265CDF04009E805D /* Info.plist */,
				87541C5C265CDF04009E805D /* Preview Content */,
			);
			path = SRL;
			sourceTree = "<group>";
		};
		87541C5C265CDF04009E805D /* Preview Content */ = {
			isa = PBXGroup;
			children = (
				87541C5D265CDF04009E805D /* Preview Assets.xcassets */,
			);
			path = "Preview Content";
			sourceTree = "<group>";
		};
		87541C67265CDF04009E805D /* SRLTests */ = {
			isa = PBXGroup;
			children = (
				8757BBBA26AD413C00B6C7B1 /* Core */,
				875E21A6265E272B00D973C2 /* Model */,
				87541C68265CDF04009E805D /* SRLTests.swift */,
				87541C6A265CDF04009E805D /* Info.plist */,
			);
			path = SRLTests;
			sourceTree = "<group>";
		};
		87541C72265CDF04009E805D /* SRLUITests */ = {
			isa = PBXGroup;
			children = (
				87541C73265CDF04009E805D /* SRLUITests.swift */,
				87541C75265CDF04009E805D /* Info.plist */,
			);
			path = SRLUITests;
			sourceTree = "<group>";
		};
		87541C82265CE019009E805D /* Models */ = {
			isa = PBXGroup;
			children = (
				8701854626AF1F2E00781CCF /* DomainPrimitives */,
				871F117F268ECF5D00BF9A51 /* Deck */,
				87DA6839269CB4E8003F07A8 /* Card */,
				87DA683E269CB55E003F07A8 /* Scheduler */,
				871F11A1268F04C400BF9A51 /* SchedulePreset */,
				87DA683A269CB4F0003F07A8 /* ReviewQueue */,
				877B155726B1364E009FF1CC /* Notification */,
			);
			path = Models;
			sourceTree = "<group>";
		};
		87541C83265CE020009E805D /* Views */ = {
			isa = PBXGroup;
			children = (
				870F474E26B52C2100BCEEC9 /* Notifications */,
				8750A3D42691EAF300837E24 /* DeckList */,
				8750A3D22691EA5800837E24 /* Deck */,
				8773255E26A9A91500CAD727 /* Custom Study */,
				877BF8C9269216AD00710AD2 /* Preset */,
				87BF1D8226B3D02800230F97 /* Card Browsing */,
				875392C026AAC8F6008CFCC4 /* Card Content */,
				87C4970E26AC332E0015823E /* Review */,
				8750A3D32691EA8600837E24 /* Generic Views */,
				870F474226B522D600BCEEC9 /* View Extensions */,
				870F474326B522F600BCEEC9 /* View Type Mapper */,
			);
			path = Views;
			sourceTree = "<group>";
		};
		87541C84265CE02B009E805D /* ViewModels */ = {
			isa = PBXGroup;
			children = (
				870F473926B519F100BCEEC9 /* Notifications */,
				873259B826A9FB0500F3178F /* SchedulePreset */,
				873259B726A9FB0200F3178F /* Deck */,
				873259B426A9FA4B00F3178F /* Card */,
				875392B726AA9BE0008CFCC4 /* Review */,
			);
			path = ViewModels;
			sourceTree = "<group>";
		};
		8757BBB426AD37DD00B6C7B1 /* ReviewQueue */ = {
			isa = PBXGroup;
			children = (
				8757BBB526AD37EE00B6C7B1 /* ReviewProcess */,
			);
			path = ReviewQueue;
			sourceTree = "<group>";
		};
		8757BBB526AD37EE00B6C7B1 /* ReviewProcess */ = {
			isa = PBXGroup;
			children = (
				8757BBB626AD384B00B6C7B1 /* ReviewQueueInternalInitializationTest.swift */,
			);
			path = ReviewProcess;
			sourceTree = "<group>";
		};
		8757BBBA26AD413C00B6C7B1 /* Core */ = {
			isa = PBXGroup;
			children = (
				8772F2A826B2B120008795AB /* TestResetPersistentData.swift */,
				8757BBBC26AD418200B6C7B1 /* TestCoreCardBuilder.swift */,
			);
			path = Core;
			sourceTree = "<group>";
		};
		875E21A6265E272B00D973C2 /* Model */ = {
			isa = PBXGroup;
			children = (
				87946B64268F7D1900CEAA98 /* Scheduler */,
				8757BBB426AD37DD00B6C7B1 /* ReviewQueue */,
			);
			path = Model;
			sourceTree = "<group>";
		};
		875E21A9265E276300D973C2 /* SchedulerReviewProcess */ = {
			isa = PBXGroup;
			children = (
				871957D02660F43E00AA06CC /* SchedulerFunctionalityTest.swift */,
				871957C72660EAA800AA06CC /* SchedulerLearningTest.swift */,
				871957CC2660EF0B00AA06CC /* SchedulerReviewingTest.swift */,
				871957CE2660EF2200AA06CC /* SchedulerLapsingTest.swift */,
			);
			path = SchedulerReviewProcess;
			sourceTree = "<group>";
		};
		8773255E26A9A91500CAD727 /* Custom Study */ = {
			isa = PBXGroup;
			children = (
				8750A3C826919C2A00837E24 /* CustomStudyView.swift */,
			);
			path = "Custom Study";
			sourceTree = "<group>";
		};
		877B155726B1364E009FF1CC /* Notification */ = {
			isa = PBXGroup;
			children = (
				877B155826B136DB009FF1CC /* Application */,
				877B155926B136DE009FF1CC /* Domain */,
				877B155A26B136E2009FF1CC /* Repository */,
			);
			path = Notification;
			sourceTree = "<group>";
		};
		877B155826B136DB009FF1CC /* Application */ = {
			isa = PBXGroup;
			children = (
				870F473526B512DC00BCEEC9 /* NotificationService.swift */,
				870F474F26B52D1100BCEEC9 /* NotificationLauncherService.swift */,
			);
			path = Application;
			sourceTree = "<group>";
		};
		877B155926B136DE009FF1CC /* Domain */ = {
			isa = PBXGroup;
			children = (
				870F474626B5268200BCEEC9 /* Notification.swift */,
				870F474426B523C700BCEEC9 /* DemoNotification.swift */,
				870F474C26B52B1800BCEEC9 /* NotificationType.swift */,
				870F475326B543B400BCEEC9 /* Notifications.swift */,
			);
			path = Domain;
			sourceTree = "<group>";
		};
		877B155A26B136E2009FF1CC /* Repository */ = {
			isa = PBXGroup;
			children = (
				870F474826B52AD900BCEEC9 /* NotificationRepository.swift */,
				870F475126B52FC800BCEEC9 /* NotificationUserDefaultsRepository.swift */,
			);
			path = Repository;
			sourceTree = "<group>";
		};
		877BF8C9269216AD00710AD2 /* Preset */ = {
			isa = PBXGroup;
			children = (
				877BF8C7269216AA00710AD2 /* Presets.swift */,
				877BF8CC26921CC300710AD2 /* NewPreset.swift */,
				877BF8CA26921AF800710AD2 /* EditPreset.swift */,
				8772F2A626B2A8A0008795AB /* PresetInputForm.swift */,
			);
			path = Preset;
			sourceTree = "<group>";
		};
		8783F50526AEAD2B0079BA07 /* Repository */ = {
			isa = PBXGroup;
			children = (
				8783F50626AEAD480079BA07 /* ReviewQueueRepository.swift */,
			);
			path = Repository;
			sourceTree = "<group>";
		};
		87946B64268F7D1900CEAA98 /* Scheduler */ = {
			isa = PBXGroup;
			children = (
				875E21A9265E276300D973C2 /* SchedulerReviewProcess */,
			);
			path = Scheduler;
			sourceTree = "<group>";
		};
		87BF1D8226B3D02800230F97 /* Card Browsing */ = {
			isa = PBXGroup;
			children = (
				876840C026AB12AF008384B3 /* CardBrowseView.swift */,
				876840C426AB18C4008384B3 /* CardPreview.swift */,
			);
			path = "Card Browsing";
			sourceTree = "<group>";
		};
		87C4970E26AC332E0015823E /* Review */ = {
			isa = PBXGroup;
			children = (
				87C4971126AC33DB0015823E /* ReviewView.swift */,
				87BF1D7C26B3BFC800230F97 /* ReviewDefaultCard.swift */,
				87BF1D8026B3CE4000230F97 /* ReviewTypingCard.swift */,
				87BF1D7E26B3BFD800230F97 /* ReviewFooter.swift */,
			);
			path = Review;
			sourceTree = "<group>";
		};
		87DA6839269CB4E8003F07A8 /* Card */ = {
			isa = PBXGroup;
			children = (
				87DA683B269CB522003F07A8 /* Application */,
				87DA683C269CB52A003F07A8 /* Domain */,
				87DA683D269CB52E003F07A8 /* Repository */,
			);
			path = Card;
			sourceTree = "<group>";
		};
		87DA683A269CB4F0003F07A8 /* ReviewQueue */ = {
			isa = PBXGroup;
			children = (
				87DA6844269CB59E003F07A8 /* Application */,
				87DA6843269CB59B003F07A8 /* Domain */,
				8783F50526AEAD2B0079BA07 /* Repository */,
			);
			path = ReviewQueue;
			sourceTree = "<group>";
		};
		87DA683B269CB522003F07A8 /* Application */ = {
			isa = PBXGroup;
			children = (
				87DA684C269CB976003F07A8 /* CardService.swift */,
				876840BC26AB0EB6008384B3 /* CardCreationService.swift */,
				8762CFF126ABEBC500CBEA2F /* CardDeletionService.swift */,
				87C4971726AC791D0015823E /* CardException.swift */,
			);
			path = Application;
			sourceTree = "<group>";
		};
		87DA683C269CB52A003F07A8 /* Domain */ = {
			isa = PBXGroup;
			children = (
				87B480C326906B9300887C6A /* Card.swift */,
				87B480BA269064B000887C6A /* CardType.swift */,
				87B480BE2690669C00887C6A /* DefaultCard.swift */,
				87B480C0269066A200887C6A /* TypingCard.swift */,
				873259B226A9EE2E00F3178F /* CardContentTypeContainer.swift */,
				87B480BC269064F600887C6A /* CardContentType.swift */,
				87B480C626906DF200887C6A /* TextContent.swift */,
				87B480C826906DF800887C6A /* ImageContent.swift */,
				87B480CA26906E8600887C6A /* TypingContent.swift */,
			);
			path = Domain;
			sourceTree = "<group>";
		};
		87DA683D269CB52E003F07A8 /* Repository */ = {
			isa = PBXGroup;
			children = (
				87DA684E269CB983003F07A8 /* CardRepository.swift */,
				87DA6850269CB98D003F07A8 /* CardUserDefaultsRepository.swift */,
				871F75AD26A14379006431B8 /* CardAssembler.swift */,
			);
			path = Repository;
			sourceTree = "<group>";
		};
		87DA683E269CB55E003F07A8 /* Scheduler */ = {
			isa = PBXGroup;
			children = (
				87DA683F269CB57A003F07A8 /* Application */,
				87DA6841269CB583003F07A8 /* Domain */,
				87DA6840269CB57F003F07A8 /* Repository */,
			);
			path = Scheduler;
			sourceTree = "<group>";
		};
		87DA683F269CB57A003F07A8 /* Application */ = {
			isa = PBXGroup;
			children = (
				87DA684A269CB968003F07A8 /* SchedulerService.swift */,
				8757BBC426AD94C500B6C7B1 /* SchedulerException.swift */,
			);
			path = Application;
			sourceTree = "<group>";
		};
		87DA6840269CB57F003F07A8 /* Repository */ = {
			isa = PBXGroup;
			children = (
				87DA6846269CB93E003F07A8 /* SchedulerRepository.swift */,
				87DA6848269CB95B003F07A8 /* SchedulerUserDefaultsRepository.swift */,
				871F75AB26A14019006431B8 /* SchedulerAssember.swift */,
			);
			path = Repository;
			sourceTree = "<group>";
		};
		87DA6841269CB583003F07A8 /* Domain */ = {
			isa = PBXGroup;
			children = (
				87541C8E265CE2C8009E805D /* Scheduler.swift */,
				87A110C9265ED23A00F0D4B6 /* LearningState.swift */,
				87E3BB1526B1A75D000901FF /* ReviewInterval.swift */,
				87E3BB1726B1A886000901FF /* ReviewDate.swift */,
				87E3BB1926B1AA67000901FF /* LearningStep.swift */,
				87E3BB1B26B1AA6E000901FF /* LapseStep.swift */,
			);
			path = Domain;
			sourceTree = "<group>";
		};
		87DA6843269CB59B003F07A8 /* Domain */ = {
			isa = PBXGroup;
			children = (
				871F1191268ED10E00BF9A51 /* ReviewQueue.swift */,
				87541C94265CF1E4009E805D /* ReviewAction.swift */,
				87BAFEB7269D8F9D003B3C71 /* ReviewType.swift */,
				8703B9B626B64B83007572B6 /* ReviewTypes.swift */,
			);
			path = Domain;
			sourceTree = "<group>";
		};
		87DA6844269CB59E003F07A8 /* Application */ = {
			isa = PBXGroup;
			children = (
				87BAFEBF269DD9A0003B3C71 /* ReviewQueueService.swift */,
				8783F50826AEB3320079BA07 /* ReviewQueueException.swift */,
			);
			path = Application;
			sourceTree = "<group>";
		};
/* End PBXGroup section */

/* Begin PBXNativeTarget section */
		87541C52265CDF03009E805D /* SRL */ = {
			isa = PBXNativeTarget;
			buildConfigurationList = 87541C78265CDF04009E805D /* Build configuration list for PBXNativeTarget "SRL" */;
			buildPhases = (
				87541C4F265CDF03009E805D /* Sources */,
				87541C50265CDF03009E805D /* Frameworks */,
				87541C51265CDF03009E805D /* Resources */,
			);
			buildRules = (
			);
			dependencies = (
			);
			name = SRL;
			productName = SRL;
			productReference = 87541C53265CDF03009E805D /* SRL.app */;
			productType = "com.apple.product-type.application";
		};
		87541C63265CDF04009E805D /* SRLTests */ = {
			isa = PBXNativeTarget;
			buildConfigurationList = 87541C7B265CDF04009E805D /* Build configuration list for PBXNativeTarget "SRLTests" */;
			buildPhases = (
				87541C60265CDF04009E805D /* Sources */,
				87541C61265CDF04009E805D /* Frameworks */,
				87541C62265CDF04009E805D /* Resources */,
			);
			buildRules = (
			);
			dependencies = (
				87541C66265CDF04009E805D /* PBXTargetDependency */,
			);
			name = SRLTests;
			productName = SRLTests;
			productReference = 87541C64265CDF04009E805D /* SRLTests.xctest */;
			productType = "com.apple.product-type.bundle.unit-test";
		};
		87541C6E265CDF04009E805D /* SRLUITests */ = {
			isa = PBXNativeTarget;
			buildConfigurationList = 87541C7E265CDF04009E805D /* Build configuration list for PBXNativeTarget "SRLUITests" */;
			buildPhases = (
				87541C6B265CDF04009E805D /* Sources */,
				87541C6C265CDF04009E805D /* Frameworks */,
				87541C6D265CDF04009E805D /* Resources */,
			);
			buildRules = (
			);
			dependencies = (
				87541C71265CDF04009E805D /* PBXTargetDependency */,
			);
			name = SRLUITests;
			productName = SRLUITests;
			productReference = 87541C6F265CDF04009E805D /* SRLUITests.xctest */;
			productType = "com.apple.product-type.bundle.ui-testing";
		};
/* End PBXNativeTarget section */

/* Begin PBXProject section */
		87541C4B265CDF03009E805D /* Project object */ = {
			isa = PBXProject;
			attributes = {
				LastSwiftUpdateCheck = 1250;
				LastUpgradeCheck = 1250;
				TargetAttributes = {
					87541C52265CDF03009E805D = {
						CreatedOnToolsVersion = 12.5;
					};
					87541C63265CDF04009E805D = {
						CreatedOnToolsVersion = 12.5;
						TestTargetID = 87541C52265CDF03009E805D;
					};
					87541C6E265CDF04009E805D = {
						CreatedOnToolsVersion = 12.5;
						TestTargetID = 87541C52265CDF03009E805D;
					};
				};
			};
			buildConfigurationList = 87541C4E265CDF03009E805D /* Build configuration list for PBXProject "SRL" */;
			compatibilityVersion = "Xcode 9.3";
			developmentRegion = en;
			hasScannedForEncodings = 0;
			knownRegions = (
				en,
				Base,
			);
			mainGroup = 87541C4A265CDF03009E805D;
			productRefGroup = 87541C54265CDF03009E805D /* Products */;
			projectDirPath = "";
			projectRoot = "";
			targets = (
				87541C52265CDF03009E805D /* SRL */,
				87541C63265CDF04009E805D /* SRLTests */,
				87541C6E265CDF04009E805D /* SRLUITests */,
			);
		};
/* End PBXProject section */

/* Begin PBXResourcesBuildPhase section */
		87541C51265CDF03009E805D /* Resources */ = {
			isa = PBXResourcesBuildPhase;
			buildActionMask = 2147483647;
			files = (
				87541C5E265CDF04009E805D /* Preview Assets.xcassets in Resources */,
				87541C5B265CDF04009E805D /* Assets.xcassets in Resources */,
			);
			runOnlyForDeploymentPostprocessing = 0;
		};
		87541C62265CDF04009E805D /* Resources */ = {
			isa = PBXResourcesBuildPhase;
			buildActionMask = 2147483647;
			files = (
			);
			runOnlyForDeploymentPostprocessing = 0;
		};
		87541C6D265CDF04009E805D /* Resources */ = {
			isa = PBXResourcesBuildPhase;
			buildActionMask = 2147483647;
			files = (
			);
			runOnlyForDeploymentPostprocessing = 0;
		};
/* End PBXResourcesBuildPhase section */

/* Begin PBXSourcesBuildPhase section */
		87541C4F265CDF03009E805D /* Sources */ = {
			isa = PBXSourcesBuildPhase;
			buildActionMask = 2147483647;
			files = (
				87BF1D9026B3FC1400230F97 /* NewCard.swift in Sources */,
				876840BF26AB1118008384B3 /* DeckException.swift in Sources */,
				870F475026B52D1100BCEEC9 /* NotificationLauncherService.swift in Sources */,
				87BF1D8826B3ED9100230F97 /* ExtensionReviewDate.swift in Sources */,
				8757BBC526AD94C500B6C7B1 /* SchedulerException.swift in Sources */,
				877B157626B1699C009FF1CC /* LapseSetbackFactor.swift in Sources */,
				870F475226B52FC800BCEEC9 /* NotificationUserDefaultsRepository.swift in Sources */,
				87B480C726906DF200887C6A /* TextContent.swift in Sources */,
				87BF1D8626B3EC8900230F97 /* ExtensionDefaultCard.swift in Sources */,
				873259B326A9EE2E00F3178F /* CardContentTypeContainer.swift in Sources */,
				87BF1D8C26B3EFCA00230F97 /* ExtensionTimeInterval.swift in Sources */,
				87DA684D269CB976003F07A8 /* CardService.swift in Sources */,
				87E3BB1A26B1AA67000901FF /* LearningStep.swift in Sources */,
				870F473B26B51A0900BCEEC9 /* ManageNotifications.swift in Sources */,
				875392B926AA9E37008CFCC4 /* ContentTypeMapper.swift in Sources */,
				877B156226B152BB009FF1CC /* InputValidation.swift in Sources */,
				87E3BB1426B1A04D000901FF /* FactorModifierException.swift in Sources */,
				8745A6C726AAE5CB00529587 /* CardContent.swift in Sources */,
				87BF1D8126B3CE4000230F97 /* ReviewTypingCard.swift in Sources */,
				873B913D26B437E000456D0E /* EditCard.swift in Sources */,
				87BF1D7F26B3BFD800230F97 /* ReviewFooter.swift in Sources */,
				871F11AD268F09E300BF9A51 /* SchedulePresetUserDefaultsRepository.swift in Sources */,
				87BF1D9326B413D900230F97 /* CardContentPicker.swift in Sources */,
				87946B69268F996600CEAA98 /* SchedulePresetRepository.swift in Sources */,
				877BF8CD26921CC300710AD2 /* NewPreset.swift in Sources */,
				877B156C26B1684C009FF1CC /* EasyFactorModifier.swift in Sources */,
				877B156826B1617D009FF1CC /* OutputRangeBuilder.swift in Sources */,
				8783F50726AEAD480079BA07 /* ReviewQueueRepository.swift in Sources */,
				873B913B26B4374200456D0E /* CardSchedulePresetPicker.swift in Sources */,
				8750A3CB2691B92800837E24 /* PresetViewModel.swift in Sources */,
				871F11B0268F217700BF9A51 /* SchedulePresetFactory.swift in Sources */,
				87541C8B265CE2AD009E805D /* Deck.swift in Sources */,
				87C634312663E88F008194B6 /* StoreViewModel.swift in Sources */,
				873D4F9C2690D0E500A4F128 /* EffectView.swift in Sources */,
				871F11A6268F05C200BF9A51 /* SchedulePresetService.swift in Sources */,
				877B157A26B16A13009FF1CC /* MatureInterval.swift in Sources */,
				87E3BB1E26B1B797000901FF /* IntervalModifier.swift in Sources */,
				87E3BB1826B1A886000901FF /* ReviewDate.swift in Sources */,
				877B157826B169AF009FF1CC /* GraduationInterval.swift in Sources */,
				877B157226B16933009FF1CC /* LapseFactorModifier.swift in Sources */,
				8772F2A726B2A8A0008795AB /* PresetInputForm.swift in Sources */,
				873B914126B441C500456D0E /* CardDeckPicker.swift in Sources */,
				87E3BB1626B1A75D000901FF /* ReviewInterval.swift in Sources */,
				87541C57265CDF03009E805D /* SRLApp.swift in Sources */,
				87B480C1269066A200887C6A /* TypingCard.swift in Sources */,
				8795D2152663E175007C99D9 /* DeckView.swift in Sources */,
				87BF1D8A26B3EEDD00230F97 /* ExtensionReviewInterval.swift in Sources */,
				877B156626B15C1F009FF1CC /* EasyIntervalModifier.swift in Sources */,
				87DA6851269CB98D003F07A8 /* CardUserDefaultsRepository.swift in Sources */,
				87BAFEC0269DD9A0003B3C71 /* ReviewQueueService.swift in Sources */,
				8750A3C926919C2A00837E24 /* CustomStudyView.swift in Sources */,
				877B157026B168F7009FF1CC /* HardFactorModifier.swift in Sources */,
				870F474926B52AD900BCEEC9 /* NotificationRepository.swift in Sources */,
				872ADF2E2692DDF6007C601A /* DeckForm.swift in Sources */,
				87BF1D7326B3AE7E00230F97 /* NewDeck.swift in Sources */,
				8762CFF226ABEBC500CBEA2F /* CardDeletionService.swift in Sources */,
				871F75AC26A14019006431B8 /* SchedulerAssember.swift in Sources */,
				871F1187268ED0C400BF9A51 /* DeckService.swift in Sources */,
				877B156E26B168CA009FF1CC /* NormalFactorModifier.swift in Sources */,
				871F1192268ED10E00BF9A51 /* ReviewQueue.swift in Sources */,
				876840C526AB18C4008384B3 /* CardPreview.swift in Sources */,
				87541C8F265CE2C8009E805D /* Scheduler.swift in Sources */,
				87B480CB26906E8600887C6A /* TypingContent.swift in Sources */,
				87BF1D8E26B3F34C00230F97 /* CardContentForm.swift in Sources */,
				87B480AE2690221300887C6A /* DeckUserDefaultsRepository.swift in Sources */,
				87C4971226AC33DB0015823E /* ReviewView.swift in Sources */,
				873259B626A9FA6200F3178F /* EditCardViewModel.swift in Sources */,
				87BF1D7D26B3BFC800230F97 /* ReviewDefaultCard.swift in Sources */,
				873D4F952690D0D700A4F128 /* BottomSheet.swift in Sources */,
				873D4F962690D0D700A4F128 /* ViewExtension.swift in Sources */,
				877BF8CB26921AF800710AD2 /* EditPreset.swift in Sources */,
				873D4F972690D0D700A4F128 /* BottomSheetView.swift in Sources */,
				875392B626AA8348008CFCC4 /* CreateCardViewModel.swift in Sources */,
				87B480C426906B9300887C6A /* Card.swift in Sources */,
				870F474D26B52B1800BCEEC9 /* NotificationType.swift in Sources */,
				87DA6849269CB95B003F07A8 /* SchedulerUserDefaultsRepository.swift in Sources */,
				8773256426A9ACC400CAD727 /* AbstractCardViewModel.swift in Sources */,
				877BF8C8269216AA00710AD2 /* Presets.swift in Sources */,
				87541CA0265D5646009E805D /* DeckViewModel.swift in Sources */,
				873D4F982690D0D700A4F128 /* BottomSheetPosition.swift in Sources */,
				870F475426B543B400BCEEC9 /* Notifications.swift in Sources */,
				87541C95265CF1E4009E805D /* ReviewAction.swift in Sources */,
				8783F50926AEB3320079BA07 /* ReviewQueueException.swift in Sources */,
				87C4971426AC33E50015823E /* ReviewViewModel.swift in Sources */,
				8701854826AF1F3E00781CCF /* ImageEncoder.swift in Sources */,
				87B480C926906DF800887C6A /* ImageContent.swift in Sources */,
				87C07D0C26B188D90077A540 /* FactorModifier.swift in Sources */,
				87DA684B269CB968003F07A8 /* SchedulerService.swift in Sources */,
				87D3D05E2669FC6900D2B4DB /* ListRowHorizontalSeparated.swift in Sources */,
				87B480AC26901F7B00887C6A /* DeckRepository.swift in Sources */,
				878ABC8E26AFD5F90031AB39 /* PresetEditorViewModel.swift in Sources */,
				87BAFEB8269D8F9D003B3C71 /* ReviewType.swift in Sources */,
				8795D2132663E135007C99D9 /* DeckListView.swift in Sources */,
				870F474526B523C700BCEEC9 /* DemoNotification.swift in Sources */,
				873B913726B436BE00456D0E /* CardTypePicker.swift in Sources */,
				87DA684F269CB983003F07A8 /* CardRepository.swift in Sources */,
				8773256826A9B3D700CAD727 /* CardTypeMapper.swift in Sources */,
				873D4F9D2690D0E500A4F128 /* RoundedCorner.swift in Sources */,
				877B157426B16966009FF1CC /* MinimumInterval.swift in Sources */,
				876840C126AB12AF008384B3 /* CardBrowseView.swift in Sources */,
				87B480BF2690669C00887C6A /* DefaultCard.swift in Sources */,
				870F473626B512DC00BCEEC9 /* NotificationService.swift in Sources */,
				871F11A8268F05CD00BF9A51 /* SchedulePreset.swift in Sources */,
				871F75AE26A14379006431B8 /* CardAssembler.swift in Sources */,
				87DA6847269CB93E003F07A8 /* SchedulerRepository.swift in Sources */,
				877B155E26B150D7009FF1CC /* LearningSteps.swift in Sources */,
				870F473F26B51DDE00BCEEC9 /* NotificationViewModel.swift in Sources */,
				87BF1D8426B3EB2400230F97 /* ExtensionLearningState.swift in Sources */,
				8701854526AF10CA00781CCF /* ImagePicker.swift in Sources */,
				871F11B2268F245F00BF9A51 /* SchedulePresetException.swift in Sources */,
				878ABC9226AFD8360031AB39 /* ExtensionSchedulePresetExceptions.swift in Sources */,
				871F75B026A148EB006431B8 /* DeckAssembler.swift in Sources */,
				870F473D26B51B1700BCEEC9 /* NotificationForm.swift in Sources */,
				87A110CA265ED23A00F0D4B6 /* LearningState.swift in Sources */,
				877B156426B156B2009FF1CC /* LapseSteps.swift in Sources */,
				8703B9B726B64B83007572B6 /* ReviewTypes.swift in Sources */,
				87C4971826AC791D0015823E /* CardException.swift in Sources */,
				873B914326B4517900456D0E /* ExtensionEaseFactor.swift in Sources */,
				87E3BB1C26B1AA6E000901FF /* LapseStep.swift in Sources */,
				87B480BB269064B000887C6A /* CardType.swift in Sources */,
				87B480BD269064F600887C6A /* CardContentType.swift in Sources */,
				873B913F26B4389D00456D0E /* CardFormContentListing.swift in Sources */,
				8757BBC926ADD87800B6C7B1 /* CustomStudyViewModel.swift in Sources */,
				877B156A26B1636A009FF1CC /* EaseFactor.swift in Sources */,
				870F474726B5268200BCEEC9 /* Notification.swift in Sources */,
				8750A3CF2691E97A00837E24 /* DeleteDeckBottomSheet.swift in Sources */,
				87BF1D7526B3B16D00230F97 /* EditDeck.swift in Sources */,
				876840BD26AB0EB6008384B3 /* CardCreationService.swift in Sources */,
			);
			runOnlyForDeploymentPostprocessing = 0;
		};
		87541C60265CDF04009E805D /* Sources */ = {
			isa = PBXSourcesBuildPhase;
			buildActionMask = 2147483647;
			files = (
				87541C69265CDF04009E805D /* SRLTests.swift in Sources */,
				871957CD2660EF0B00AA06CC /* SchedulerReviewingTest.swift in Sources */,
				8757BBBD26AD418200B6C7B1 /* TestCoreCardBuilder.swift in Sources */,
				8757BBB726AD384B00B6C7B1 /* ReviewQueueInternalInitializationTest.swift in Sources */,
				871957CF2660EF2200AA06CC /* SchedulerLapsingTest.swift in Sources */,
				871957D12660F43E00AA06CC /* SchedulerFunctionalityTest.swift in Sources */,
				871957C82660EAA800AA06CC /* SchedulerLearningTest.swift in Sources */,
				8772F2A926B2B120008795AB /* TestResetPersistentData.swift in Sources */,
			);
			runOnlyForDeploymentPostprocessing = 0;
		};
		87541C6B265CDF04009E805D /* Sources */ = {
			isa = PBXSourcesBuildPhase;
			buildActionMask = 2147483647;
			files = (
				87541C74265CDF04009E805D /* SRLUITests.swift in Sources */,
			);
			runOnlyForDeploymentPostprocessing = 0;
		};
/* End PBXSourcesBuildPhase section */

/* Begin PBXTargetDependency section */
		87541C66265CDF04009E805D /* PBXTargetDependency */ = {
			isa = PBXTargetDependency;
			target = 87541C52265CDF03009E805D /* SRL */;
			targetProxy = 87541C65265CDF04009E805D /* PBXContainerItemProxy */;
		};
		87541C71265CDF04009E805D /* PBXTargetDependency */ = {
			isa = PBXTargetDependency;
			target = 87541C52265CDF03009E805D /* SRL */;
			targetProxy = 87541C70265CDF04009E805D /* PBXContainerItemProxy */;
		};
/* End PBXTargetDependency section */

/* Begin XCBuildConfiguration section */
		87541C76265CDF04009E805D /* Debug */ = {
			isa = XCBuildConfiguration;
			buildSettings = {
				ALWAYS_SEARCH_USER_PATHS = NO;
				CLANG_ANALYZER_NONNULL = YES;
				CLANG_ANALYZER_NUMBER_OBJECT_CONVERSION = YES_AGGRESSIVE;
				CLANG_CXX_LANGUAGE_STANDARD = "gnu++14";
				CLANG_CXX_LIBRARY = "libc++";
				CLANG_ENABLE_MODULES = YES;
				CLANG_ENABLE_OBJC_ARC = YES;
				CLANG_ENABLE_OBJC_WEAK = YES;
				CLANG_WARN_BLOCK_CAPTURE_AUTORELEASING = YES;
				CLANG_WARN_BOOL_CONVERSION = YES;
				CLANG_WARN_COMMA = YES;
				CLANG_WARN_CONSTANT_CONVERSION = YES;
				CLANG_WARN_DEPRECATED_OBJC_IMPLEMENTATIONS = YES;
				CLANG_WARN_DIRECT_OBJC_ISA_USAGE = YES_ERROR;
				CLANG_WARN_DOCUMENTATION_COMMENTS = YES;
				CLANG_WARN_EMPTY_BODY = YES;
				CLANG_WARN_ENUM_CONVERSION = YES;
				CLANG_WARN_INFINITE_RECURSION = YES;
				CLANG_WARN_INT_CONVERSION = YES;
				CLANG_WARN_NON_LITERAL_NULL_CONVERSION = YES;
				CLANG_WARN_OBJC_IMPLICIT_RETAIN_SELF = YES;
				CLANG_WARN_OBJC_LITERAL_CONVERSION = YES;
				CLANG_WARN_OBJC_ROOT_CLASS = YES_ERROR;
				CLANG_WARN_QUOTED_INCLUDE_IN_FRAMEWORK_HEADER = YES;
				CLANG_WARN_RANGE_LOOP_ANALYSIS = YES;
				CLANG_WARN_STRICT_PROTOTYPES = YES;
				CLANG_WARN_SUSPICIOUS_MOVE = YES;
				CLANG_WARN_UNGUARDED_AVAILABILITY = YES_AGGRESSIVE;
				CLANG_WARN_UNREACHABLE_CODE = YES;
				CLANG_WARN__DUPLICATE_METHOD_MATCH = YES;
				COPY_PHASE_STRIP = NO;
				DEBUG_INFORMATION_FORMAT = dwarf;
				ENABLE_STRICT_OBJC_MSGSEND = YES;
				ENABLE_TESTABILITY = YES;
				GCC_C_LANGUAGE_STANDARD = gnu11;
				GCC_DYNAMIC_NO_PIC = NO;
				GCC_NO_COMMON_BLOCKS = YES;
				GCC_OPTIMIZATION_LEVEL = 0;
				GCC_PREPROCESSOR_DEFINITIONS = (
					"DEBUG=1",
					"$(inherited)",
				);
				GCC_WARN_64_TO_32_BIT_CONVERSION = YES;
				GCC_WARN_ABOUT_RETURN_TYPE = YES_ERROR;
				GCC_WARN_UNDECLARED_SELECTOR = YES;
				GCC_WARN_UNINITIALIZED_AUTOS = YES_AGGRESSIVE;
				GCC_WARN_UNUSED_FUNCTION = YES;
				GCC_WARN_UNUSED_VARIABLE = YES;
				IPHONEOS_DEPLOYMENT_TARGET = 14.5;
				MTL_ENABLE_DEBUG_INFO = INCLUDE_SOURCE;
				MTL_FAST_MATH = YES;
				ONLY_ACTIVE_ARCH = YES;
				SDKROOT = iphoneos;
				SWIFT_ACTIVE_COMPILATION_CONDITIONS = DEBUG;
				SWIFT_OPTIMIZATION_LEVEL = "-Onone";
			};
			name = Debug;
		};
		87541C77265CDF04009E805D /* Release */ = {
			isa = XCBuildConfiguration;
			buildSettings = {
				ALWAYS_SEARCH_USER_PATHS = NO;
				CLANG_ANALYZER_NONNULL = YES;
				CLANG_ANALYZER_NUMBER_OBJECT_CONVERSION = YES_AGGRESSIVE;
				CLANG_CXX_LANGUAGE_STANDARD = "gnu++14";
				CLANG_CXX_LIBRARY = "libc++";
				CLANG_ENABLE_MODULES = YES;
				CLANG_ENABLE_OBJC_ARC = YES;
				CLANG_ENABLE_OBJC_WEAK = YES;
				CLANG_WARN_BLOCK_CAPTURE_AUTORELEASING = YES;
				CLANG_WARN_BOOL_CONVERSION = YES;
				CLANG_WARN_COMMA = YES;
				CLANG_WARN_CONSTANT_CONVERSION = YES;
				CLANG_WARN_DEPRECATED_OBJC_IMPLEMENTATIONS = YES;
				CLANG_WARN_DIRECT_OBJC_ISA_USAGE = YES_ERROR;
				CLANG_WARN_DOCUMENTATION_COMMENTS = YES;
				CLANG_WARN_EMPTY_BODY = YES;
				CLANG_WARN_ENUM_CONVERSION = YES;
				CLANG_WARN_INFINITE_RECURSION = YES;
				CLANG_WARN_INT_CONVERSION = YES;
				CLANG_WARN_NON_LITERAL_NULL_CONVERSION = YES;
				CLANG_WARN_OBJC_IMPLICIT_RETAIN_SELF = YES;
				CLANG_WARN_OBJC_LITERAL_CONVERSION = YES;
				CLANG_WARN_OBJC_ROOT_CLASS = YES_ERROR;
				CLANG_WARN_QUOTED_INCLUDE_IN_FRAMEWORK_HEADER = YES;
				CLANG_WARN_RANGE_LOOP_ANALYSIS = YES;
				CLANG_WARN_STRICT_PROTOTYPES = YES;
				CLANG_WARN_SUSPICIOUS_MOVE = YES;
				CLANG_WARN_UNGUARDED_AVAILABILITY = YES_AGGRESSIVE;
				CLANG_WARN_UNREACHABLE_CODE = YES;
				CLANG_WARN__DUPLICATE_METHOD_MATCH = YES;
				COPY_PHASE_STRIP = NO;
				DEBUG_INFORMATION_FORMAT = "dwarf-with-dsym";
				ENABLE_NS_ASSERTIONS = NO;
				ENABLE_STRICT_OBJC_MSGSEND = YES;
				GCC_C_LANGUAGE_STANDARD = gnu11;
				GCC_NO_COMMON_BLOCKS = YES;
				GCC_WARN_64_TO_32_BIT_CONVERSION = YES;
				GCC_WARN_ABOUT_RETURN_TYPE = YES_ERROR;
				GCC_WARN_UNDECLARED_SELECTOR = YES;
				GCC_WARN_UNINITIALIZED_AUTOS = YES_AGGRESSIVE;
				GCC_WARN_UNUSED_FUNCTION = YES;
				GCC_WARN_UNUSED_VARIABLE = YES;
				IPHONEOS_DEPLOYMENT_TARGET = 14.5;
				MTL_ENABLE_DEBUG_INFO = NO;
				MTL_FAST_MATH = YES;
				SDKROOT = iphoneos;
				SWIFT_COMPILATION_MODE = wholemodule;
				SWIFT_OPTIMIZATION_LEVEL = "-O";
				VALIDATE_PRODUCT = YES;
			};
			name = Release;
		};
		87541C79265CDF04009E805D /* Debug */ = {
			isa = XCBuildConfiguration;
			buildSettings = {
				ASSETCATALOG_COMPILER_APPICON_NAME = AppIcon;
				ASSETCATALOG_COMPILER_GLOBAL_ACCENT_COLOR_NAME = AccentColor;
				CODE_SIGN_IDENTITY = "Apple Development";
				CODE_SIGN_STYLE = Automatic;
				DEVELOPMENT_ASSET_PATHS = "\"SRL/Preview Content\"";
				DEVELOPMENT_TEAM = U2C3LX2JJ4;
				ENABLE_PREVIEWS = YES;
				INFOPLIST_FILE = SRL/Info.plist;
				IPHONEOS_DEPLOYMENT_TARGET = 14.0;
				LD_RUNPATH_SEARCH_PATHS = (
					"$(inherited)",
					"@executable_path/Frameworks",
				);
				PRODUCT_BUNDLE_IDENTIFIER = dkoellgen.SRL;
				PRODUCT_NAME = "$(TARGET_NAME)";
				PROVISIONING_PROFILE_SPECIFIER = "";
				SWIFT_VERSION = 5.0;
				TARGETED_DEVICE_FAMILY = "1,2";
			};
			name = Debug;
		};
		87541C7A265CDF04009E805D /* Release */ = {
			isa = XCBuildConfiguration;
			buildSettings = {
				ASSETCATALOG_COMPILER_APPICON_NAME = AppIcon;
				ASSETCATALOG_COMPILER_GLOBAL_ACCENT_COLOR_NAME = AccentColor;
				CODE_SIGN_IDENTITY = "Apple Development";
				CODE_SIGN_STYLE = Automatic;
				DEVELOPMENT_ASSET_PATHS = "\"SRL/Preview Content\"";
				DEVELOPMENT_TEAM = U2C3LX2JJ4;
				ENABLE_PREVIEWS = YES;
				INFOPLIST_FILE = SRL/Info.plist;
				IPHONEOS_DEPLOYMENT_TARGET = 14.0;
				LD_RUNPATH_SEARCH_PATHS = (
					"$(inherited)",
					"@executable_path/Frameworks",
				);
				PRODUCT_BUNDLE_IDENTIFIER = dkoellgen.SRL;
				PRODUCT_NAME = "$(TARGET_NAME)";
				PROVISIONING_PROFILE_SPECIFIER = "";
				SWIFT_VERSION = 5.0;
				TARGETED_DEVICE_FAMILY = "1,2";
			};
			name = Release;
		};
		87541C7C265CDF04009E805D /* Debug */ = {
			isa = XCBuildConfiguration;
			buildSettings = {
				ALWAYS_EMBED_SWIFT_STANDARD_LIBRARIES = YES;
				BUNDLE_LOADER = "$(TEST_HOST)";
				CODE_SIGN_STYLE = Automatic;
				INFOPLIST_FILE = SRLTests/Info.plist;
				IPHONEOS_DEPLOYMENT_TARGET = 14.0;
				LD_RUNPATH_SEARCH_PATHS = (
					"$(inherited)",
					"@executable_path/Frameworks",
					"@loader_path/Frameworks",
				);
				PRODUCT_BUNDLE_IDENTIFIER = dkoellgen.SRLTests;
				PRODUCT_NAME = "$(TARGET_NAME)";
				SWIFT_VERSION = 5.0;
				TARGETED_DEVICE_FAMILY = "1,2";
				TEST_HOST = "$(BUILT_PRODUCTS_DIR)/SRL.app/SRL";
			};
			name = Debug;
		};
		87541C7D265CDF04009E805D /* Release */ = {
			isa = XCBuildConfiguration;
			buildSettings = {
				ALWAYS_EMBED_SWIFT_STANDARD_LIBRARIES = YES;
				BUNDLE_LOADER = "$(TEST_HOST)";
				CODE_SIGN_STYLE = Automatic;
				INFOPLIST_FILE = SRLTests/Info.plist;
				IPHONEOS_DEPLOYMENT_TARGET = 14.0;
				LD_RUNPATH_SEARCH_PATHS = (
					"$(inherited)",
					"@executable_path/Frameworks",
					"@loader_path/Frameworks",
				);
				PRODUCT_BUNDLE_IDENTIFIER = dkoellgen.SRLTests;
				PRODUCT_NAME = "$(TARGET_NAME)";
				SWIFT_VERSION = 5.0;
				TARGETED_DEVICE_FAMILY = "1,2";
				TEST_HOST = "$(BUILT_PRODUCTS_DIR)/SRL.app/SRL";
			};
			name = Release;
		};
		87541C7F265CDF04009E805D /* Debug */ = {
			isa = XCBuildConfiguration;
			buildSettings = {
				ALWAYS_EMBED_SWIFT_STANDARD_LIBRARIES = YES;
				CODE_SIGN_STYLE = Automatic;
				INFOPLIST_FILE = SRLUITests/Info.plist;
				LD_RUNPATH_SEARCH_PATHS = (
					"$(inherited)",
					"@executable_path/Frameworks",
					"@loader_path/Frameworks",
				);
				PRODUCT_BUNDLE_IDENTIFIER = dkoellgen.SRLUITests;
				PRODUCT_NAME = "$(TARGET_NAME)";
				SWIFT_VERSION = 5.0;
				TARGETED_DEVICE_FAMILY = "1,2";
				TEST_TARGET_NAME = SRL;
			};
			name = Debug;
		};
		87541C80265CDF04009E805D /* Release */ = {
			isa = XCBuildConfiguration;
			buildSettings = {
				ALWAYS_EMBED_SWIFT_STANDARD_LIBRARIES = YES;
				CODE_SIGN_STYLE = Automatic;
				INFOPLIST_FILE = SRLUITests/Info.plist;
				LD_RUNPATH_SEARCH_PATHS = (
					"$(inherited)",
					"@executable_path/Frameworks",
					"@loader_path/Frameworks",
				);
				PRODUCT_BUNDLE_IDENTIFIER = dkoellgen.SRLUITests;
				PRODUCT_NAME = "$(TARGET_NAME)";
				SWIFT_VERSION = 5.0;
				TARGETED_DEVICE_FAMILY = "1,2";
				TEST_TARGET_NAME = SRL;
			};
			name = Release;
		};
/* End XCBuildConfiguration section */

/* Begin XCConfigurationList section */
		87541C4E265CDF03009E805D /* Build configuration list for PBXProject "SRL" */ = {
			isa = XCConfigurationList;
			buildConfigurations = (
				87541C76265CDF04009E805D /* Debug */,
				87541C77265CDF04009E805D /* Release */,
			);
			defaultConfigurationIsVisible = 0;
			defaultConfigurationName = Release;
		};
		87541C78265CDF04009E805D /* Build configuration list for PBXNativeTarget "SRL" */ = {
			isa = XCConfigurationList;
			buildConfigurations = (
				87541C79265CDF04009E805D /* Debug */,
				87541C7A265CDF04009E805D /* Release */,
			);
			defaultConfigurationIsVisible = 0;
			defaultConfigurationName = Release;
		};
		87541C7B265CDF04009E805D /* Build configuration list for PBXNativeTarget "SRLTests" */ = {
			isa = XCConfigurationList;
			buildConfigurations = (
				87541C7C265CDF04009E805D /* Debug */,
				87541C7D265CDF04009E805D /* Release */,
			);
			defaultConfigurationIsVisible = 0;
			defaultConfigurationName = Release;
		};
		87541C7E265CDF04009E805D /* Build configuration list for PBXNativeTarget "SRLUITests" */ = {
			isa = XCConfigurationList;
			buildConfigurations = (
				87541C7F265CDF04009E805D /* Debug */,
				87541C80265CDF04009E805D /* Release */,
			);
			defaultConfigurationIsVisible = 0;
			defaultConfigurationName = Release;
		};
/* End XCConfigurationList section */
	};
	rootObject = 87541C4B265CDF03009E805D /* Project object */;
}
